// !$*UTF8*$!
{
	archiveVersion = 1;
	classes = {
	};
	objectVersion = 46;
	objects = {

/* Begin PBXAggregateTarget section */
		3C2722D7751840A5BEC9CD31 /* ALL_BUILD */ = {
			isa = PBXAggregateTarget;
			buildConfigurationList = 52398BD1932D483DB4D2C619 /* Build configuration list for PBXAggregateTarget "ALL_BUILD" */;
			buildPhases = (
				B623B83428AB491A7087E97A /* Generate CMakeFiles/ALL_BUILD */,
			);
			dependencies = (
				C44D3399AC7E49C68690ACE6 /* PBXTargetDependency */,
				2D83851D6FDB4D58B3E3C4AE /* PBXTargetDependency */,
			);
			name = ALL_BUILD;
			productName = ALL_BUILD;
		};
		F795513A583E456282E4350A /* ZERO_CHECK */ = {
			isa = PBXAggregateTarget;
			buildConfigurationList = FD08B64B91FD4ED384E1E24F /* Build configuration list for PBXAggregateTarget "ZERO_CHECK" */;
			buildPhases = (
				28A9102DB66ACF7B46F199A4 /* Generate CMakeFiles/ZERO_CHECK */,
			);
			dependencies = (
			);
			name = ZERO_CHECK;
			productName = ZERO_CHECK;
		};
/* End PBXAggregateTarget section */

/* Begin PBXBuildFile section */
		053EFBEDA21B426BA2F025A4 /* /Users/airat/Projects/shootEmUp/Engine/Render/CMakeLists.txt */ = {isa = PBXBuildFile; fileRef = AF3A8D73F02244929C93C953 /* /Users/airat/Projects/shootEmUp/Engine/Render/CMakeLists.txt */; };
		0F429BDF92D549D0B5C1A91C /* /Users/airat/Projects/shootEmUp/Engine/Render/Command/VulkanCommandPool.h */ = {isa = PBXBuildFile; fileRef = 3DAF39075BEE4B8C9FFA0722 /* /Users/airat/Projects/shootEmUp/Engine/Render/Command/VulkanCommandPool.h */; };
		18D575006A524859B2FC994F /* /Users/airat/Projects/shootEmUp/Engine/Render/Buffer/VulkanFramebuffer.h */ = {isa = PBXBuildFile; fileRef = 32C1557FCC5340A698179A04 /* /Users/airat/Projects/shootEmUp/Engine/Render/Buffer/VulkanFramebuffer.h */; };
		1C8A594671BA4DFA965EA0B6 /* /Users/airat/Projects/shootEmUp/Engine/Render/Pipeline/IVulkanRenderMeshBufferCreator.h */ = {isa = PBXBuildFile; fileRef = BC51E478B39B48F099DDE8A7 /* /Users/airat/Projects/shootEmUp/Engine/Render/Pipeline/IVulkanRenderMeshBufferCreator.h */; };
		23C2F22975B44ADAB7C4BA2A /* /Users/airat/Projects/shootEmUp/Engine/Render/Buffer/IFramebuffer.h */ = {isa = PBXBuildFile; fileRef = 9F9AD482D3594EB58D6FE777 /* /Users/airat/Projects/shootEmUp/Engine/Render/Buffer/IFramebuffer.h */; };
		2922D5F00306422DBEF84A6F /* /Users/airat/Projects/shootEmUp/Engine/Render/Buffer/VulkanBuffer.h */ = {isa = PBXBuildFile; fileRef = F77B8AE6C59A44FD87216103 /* /Users/airat/Projects/shootEmUp/Engine/Render/Buffer/VulkanBuffer.h */; };
		32CC48FC1704474DA2FC39BA /* /Users/airat/Projects/shootEmUp/Engine/Render/AssetWrapper/VulkanImage.h */ = {isa = PBXBuildFile; fileRef = 73E49904A23D4DC2AA460E07 /* /Users/airat/Projects/shootEmUp/Engine/Render/AssetWrapper/VulkanImage.h */; };
		360803F20A884ED191FC46B1 /* /Users/airat/Projects/shootEmUp/Engine/Render/Command/ICommandBuffer.h */ = {isa = PBXBuildFile; fileRef = 6AFA342C7E984E3184134253 /* /Users/airat/Projects/shootEmUp/Engine/Render/Command/ICommandBuffer.h */; };
		44171E918BBC4460A6C75F09 /* /Users/airat/Projects/shootEmUp/Engine/Render/Pipeline/IPipeline.h */ = {isa = PBXBuildFile; fileRef = 21029BC630C24A27B913E1A3 /* /Users/airat/Projects/shootEmUp/Engine/Render/Pipeline/IPipeline.h */; };
		453D69494A794AF48B1BA0ED /* /Users/airat/Projects/shootEmUp/Engine/Render/Render/IRender.h */ = {isa = PBXBuildFile; fileRef = CD16B699FF9847BF9D759025 /* /Users/airat/Projects/shootEmUp/Engine/Render/Render/IRender.h */; };
		45834E67AA744AA2BAEDD641 /* /Users/airat/Projects/shootEmUp/Engine/Render/AssetWrapper/VulkanMeshData.h */ = {isa = PBXBuildFile; fileRef = 789B1E6D01C94A1792FBEA2D /* /Users/airat/Projects/shootEmUp/Engine/Render/AssetWrapper/VulkanMeshData.h */; };
		47BC2AAD42FD49079A97A915 /* /Users/airat/Projects/shootEmUp/Engine/Render/Buffer/VulkanFramebuffer.cpp */ = {isa = PBXBuildFile; fileRef = DE265A54B7B94BC3B18971F9 /* /Users/airat/Projects/shootEmUp/Engine/Render/Buffer/VulkanFramebuffer.cpp */; };
		4D4CE6F32BA549C5A0A64567 /* /Users/airat/Projects/shootEmUp/Engine/Render/Buffer/BaseBuffer.h */ = {isa = PBXBuildFile; fileRef = 1FDAA92BBC6A4058876866EF /* /Users/airat/Projects/shootEmUp/Engine/Render/Buffer/BaseBuffer.h */; };
		4E041D7E581841738D0DC24E /* /Users/airat/Projects/shootEmUp/Engine/Render/Render/VulkanRender.h */ = {isa = PBXBuildFile; fileRef = 10B25277A54F4B9BA094F846 /* /Users/airat/Projects/shootEmUp/Engine/Render/Render/VulkanRender.h */; };
		4F3CD678F94A4F7ABB39B306 /* /Users/airat/Projects/shootEmUp/Engine/Render/Command/VulkanCommandPool.cpp */ = {isa = PBXBuildFile; fileRef = F03235D050954131AF8BE672 /* /Users/airat/Projects/shootEmUp/Engine/Render/Command/VulkanCommandPool.cpp */; };
		546F67889CFB46F09D33B19B /* /Users/airat/Projects/shootEmUp/Engine/Render/Render/IRenderpass.h */ = {isa = PBXBuildFile; fileRef = 28B790D1A1294FC199B2B3C3 /* /Users/airat/Projects/shootEmUp/Engine/Render/Render/IRenderpass.h */; };
		550DFEFFF819415087204A23 /* /Users/airat/Projects/shootEmUp/Engine/Render/Command/ICommandPool.cpp */ = {isa = PBXBuildFile; fileRef = 0BA9795B92C548408AC56A0B /* /Users/airat/Projects/shootEmUp/Engine/Render/Command/ICommandPool.cpp */; };
		5CCB3D48DB6F40A19DE24D53 /* /Users/airat/Projects/shootEmUp/Engine/Render/Shadowmap/VulkanOmniShadowmap.cpp */ = {isa = PBXBuildFile; fileRef = BD25812F6E6B4554937AABED /* /Users/airat/Projects/shootEmUp/Engine/Render/Shadowmap/VulkanOmniShadowmap.cpp */; };
		6B9D5F1823044F2AA3F6AE56 /* /Users/airat/Projects/shootEmUp/Engine/Render/Buffer/VulkanDepthBuffer.h */ = {isa = PBXBuildFile; fileRef = 66394E37A40341F2A40DDBAD /* /Users/airat/Projects/shootEmUp/Engine/Render/Buffer/VulkanDepthBuffer.h */; };
		6E7D54D1283442B2B948442B /* /Users/airat/Projects/shootEmUp/Engine/Render/Render/IRender.cpp */ = {isa = PBXBuildFile; fileRef = 614C74D3F1904069B784B306 /* /Users/airat/Projects/shootEmUp/Engine/Render/Render/IRender.cpp */; };
		71C2CD3CAC5842FFA6C48B2B /* /Users/airat/Projects/shootEmUp/Engine/Render/Buffer/VulkanBuffer.cpp */ = {isa = PBXBuildFile; fileRef = 74E3A9E6EC8242429EF9F5F5 /* /Users/airat/Projects/shootEmUp/Engine/Render/Buffer/VulkanBuffer.cpp */; };
		73B0F6DCE7864ABE84B859BF /* /Users/airat/Projects/shootEmUp/Engine/Render/Command/VulkanCommandBuffer.cpp */ = {isa = PBXBuildFile; fileRef = 654FB65D44EB4D578B541AF9 /* /Users/airat/Projects/shootEmUp/Engine/Render/Command/VulkanCommandBuffer.cpp */; };
		73FF6A24780E4157B3DAED72 /* /Users/airat/Projects/shootEmUp/Engine/Render/Pipeline/VulkanPipeline.h */ = {isa = PBXBuildFile; fileRef = 1190B10A440D481883717A92 /* /Users/airat/Projects/shootEmUp/Engine/Render/Pipeline/VulkanPipeline.h */; };
		77179E95B668419599C66260 /* /Users/airat/Projects/shootEmUp/Engine/Render/Render/VulkanRenderpass.cpp */ = {isa = PBXBuildFile; fileRef = B9626370473842BA96AFDC58 /* /Users/airat/Projects/shootEmUp/Engine/Render/Render/VulkanRenderpass.cpp */; };
		78993E49EA314D05BE83DA58 /* /Users/airat/Projects/shootEmUp/Engine/Render/Buffer/ShadowmapBuffer.h */ = {isa = PBXBuildFile; fileRef = BB748DCBFC8949A7910D07AB /* /Users/airat/Projects/shootEmUp/Engine/Render/Buffer/ShadowmapBuffer.h */; };
		7AB718BF877D482CAC459549 /* /Users/airat/Projects/shootEmUp/Engine/Render/Buffer/IDepthBuffer.h */ = {isa = PBXBuildFile; fileRef = A34911F7ADD440F39FF07D73 /* /Users/airat/Projects/shootEmUp/Engine/Render/Buffer/IDepthBuffer.h */; };
		7F545519B907415BAB941B93 /* /Users/airat/Projects/shootEmUp/Engine/Render/Swapchain/ISwapchain.h */ = {isa = PBXBuildFile; fileRef = 7B63FEDC82A74B9BB70FBCD7 /* /Users/airat/Projects/shootEmUp/Engine/Render/Swapchain/ISwapchain.h */; };
		8061A77A7F704B85B7696D45 /* /Users/airat/Projects/shootEmUp/Engine/Render/Pipeline/VulkanPipeline.cpp */ = {isa = PBXBuildFile; fileRef = 6EC43A3C90054B1D9ACA384E /* /Users/airat/Projects/shootEmUp/Engine/Render/Pipeline/VulkanPipeline.cpp */; };
		81D2D70692DB4115AAB83174 /* /Users/airat/Projects/shootEmUp/Engine/Render/Render/VulkanRender.cpp */ = {isa = PBXBuildFile; fileRef = 80292691423F4449B3D27C57 /* /Users/airat/Projects/shootEmUp/Engine/Render/Render/VulkanRender.cpp */; };
		827C1CDE62BA46739FF67F23 /* /Users/airat/Projects/shootEmUp/Engine/Render/Command/ICommandBuffer.cpp */ = {isa = PBXBuildFile; fileRef = EF5146B3DD3B403E824481F4 /* /Users/airat/Projects/shootEmUp/Engine/Render/Command/ICommandBuffer.cpp */; };
		8818108D28584118809672AB /* /Users/airat/Projects/shootEmUp/Engine/Render/Buffer/VertexBuffer.h */ = {isa = PBXBuildFile; fileRef = C6A235CD943344E2A03DD4F9 /* /Users/airat/Projects/shootEmUp/Engine/Render/Buffer/VertexBuffer.h */; };
		888887F68BE94AA0AC9CF8B8 /* /Users/airat/Projects/shootEmUp/Engine/Render/Pipeline/IVulkanRenderMeshBufferCreator.cpp */ = {isa = PBXBuildFile; fileRef = E9FBFFC756EF4C87B9FF0115 /* /Users/airat/Projects/shootEmUp/Engine/Render/Pipeline/IVulkanRenderMeshBufferCreator.cpp */; };
		8C5CF3369F2A414EB99BB857 /* /Users/airat/Projects/shootEmUp/Engine/Render/Command/ICommandPool.h */ = {isa = PBXBuildFile; fileRef = 14BAAC219DAB4D0CA8800726 /* /Users/airat/Projects/shootEmUp/Engine/Render/Command/ICommandPool.h */; };
		9074C0C3C6154E099F5C469A /* /Users/airat/Projects/shootEmUp/Engine/Render/Buffer/IFramebuffer.cpp */ = {isa = PBXBuildFile; fileRef = BE94E43B38394A359BE2E36F /* /Users/airat/Projects/shootEmUp/Engine/Render/Buffer/IFramebuffer.cpp */; };
		A367EADE0D064217959076B4 /* /Users/airat/Projects/shootEmUp/Engine/Render/Shadowmap/IShadowmap.h */ = {isa = PBXBuildFile; fileRef = E4652FBF7B1042648C92255E /* /Users/airat/Projects/shootEmUp/Engine/Render/Shadowmap/IShadowmap.h */; };
		A550B33B725C4974B4FF935F /* /Users/airat/Projects/shootEmUp/Engine/Render/Shader/VulkanShader.h */ = {isa = PBXBuildFile; fileRef = 2F3B78CB64DF49968F568CDE /* /Users/airat/Projects/shootEmUp/Engine/Render/Shader/VulkanShader.h */; };
		A9880B6B2E3849FB93F740CE /* /Users/airat/Projects/shootEmUp/Engine/Render/Buffer/RenderQueue.h */ = {isa = PBXBuildFile; fileRef = 1D0D00F7D39146F493AB2347 /* /Users/airat/Projects/shootEmUp/Engine/Render/Buffer/RenderQueue.h */; };
		AAC911E824B7411D9674F1A5 /* /Users/airat/Projects/shootEmUp/Engine/Render/Shadowmap/VulkanOmniShadowmap.h */ = {isa = PBXBuildFile; fileRef = 0FAC172D168347DB90B89109 /* /Users/airat/Projects/shootEmUp/Engine/Render/Shadowmap/VulkanOmniShadowmap.h */; };
		AAE6137074004D01B22D5AFF /* /Users/airat/Projects/shootEmUp/Engine/Render/AssetWrapper/BufferlessVulkanImage.cpp */ = {isa = PBXBuildFile; fileRef = 4271A369E6A6463BB4605269 /* /Users/airat/Projects/shootEmUp/Engine/Render/AssetWrapper/BufferlessVulkanImage.cpp */; };
		B838F0465095400C88F019C9 /* /Users/airat/Projects/shootEmUp/Engine/Render/AssetWrapper/VulkanImage.cpp */ = {isa = PBXBuildFile; fileRef = 1B6D6341C363450793C3BE24 /* /Users/airat/Projects/shootEmUp/Engine/Render/AssetWrapper/VulkanImage.cpp */; };
		BA142F50308145CBBFF57FCC /* /Users/airat/Projects/shootEmUp/Engine/Render/Render/VulkanRenderpass.h */ = {isa = PBXBuildFile; fileRef = 2B5FEC63FC254DBDB18AB483 /* /Users/airat/Projects/shootEmUp/Engine/Render/Render/VulkanRenderpass.h */; };
		C2AEB1EF9BEC4EC4A0454728 /* /Users/airat/Projects/shootEmUp/Engine/Render/Pipeline/IPipeline.cpp */ = {isa = PBXBuildFile; fileRef = 72FCBE0A13E74738BE626CEE /* /Users/airat/Projects/shootEmUp/Engine/Render/Pipeline/IPipeline.cpp */; };
		C349EED88C62442DB7FCCAF4 /* /Users/airat/Projects/shootEmUp/Engine/Render/Render/IRenderpass.cpp */ = {isa = PBXBuildFile; fileRef = 454416D4479A4354A9503897 /* /Users/airat/Projects/shootEmUp/Engine/Render/Render/IRenderpass.cpp */; };
		C5C259E223624625B4F798E9 /* /Users/airat/Projects/shootEmUp/Engine/Render/AssetWrapper/VulkanMeshData.cpp */ = {isa = PBXBuildFile; fileRef = 7F90F02F7F38414A974A0627 /* /Users/airat/Projects/shootEmUp/Engine/Render/AssetWrapper/VulkanMeshData.cpp */; };
		D11FC0A7313D4FA182D80293 /* /Users/airat/Projects/shootEmUp/Engine/Render/AssetWrapper/BufferlessVulkanImage.h */ = {isa = PBXBuildFile; fileRef = 3E1A4D287F6343AA9AD1C455 /* /Users/airat/Projects/shootEmUp/Engine/Render/AssetWrapper/BufferlessVulkanImage.h */; };
		DB4932195486496C8826D577 /* /Users/airat/Projects/shootEmUp/Engine/Render/Swapchain/ISwapchain.cpp */ = {isa = PBXBuildFile; fileRef = 70BFD79621824F90B9E1C8F9 /* /Users/airat/Projects/shootEmUp/Engine/Render/Swapchain/ISwapchain.cpp */; };
		DC9800878F0346F19423270C /* /Users/airat/Projects/shootEmUp/Engine/Render/Buffer/IDepthBuffer.cpp */ = {isa = PBXBuildFile; fileRef = 0829A47885D245A987A3EE78 /* /Users/airat/Projects/shootEmUp/Engine/Render/Buffer/IDepthBuffer.cpp */; };
		F1F09EE0BC724EFC8CD40E7D /* /Users/airat/Projects/shootEmUp/Engine/Render/Swapchain/SwapchainBuffer.h */ = {isa = PBXBuildFile; fileRef = 709282D9972748018A205447 /* /Users/airat/Projects/shootEmUp/Engine/Render/Swapchain/SwapchainBuffer.h */; };
		F340B2B162B643EF88A3022A /* /Users/airat/Projects/shootEmUp/Engine/Render/Shader/VulkanShader.cpp */ = {isa = PBXBuildFile; fileRef = 82D4248DEAC247C5913EF91E /* /Users/airat/Projects/shootEmUp/Engine/Render/Shader/VulkanShader.cpp */; };
		F60592E64BE44802B4778CB1 /* /Users/airat/Projects/shootEmUp/Engine/Render/Buffer/VulkanDepthBuffer.cpp */ = {isa = PBXBuildFile; fileRef = 7C41563B4066448292FA6234 /* /Users/airat/Projects/shootEmUp/Engine/Render/Buffer/VulkanDepthBuffer.cpp */; };
		FC630029871941E3BA8D86E3 /* /Users/airat/Projects/shootEmUp/Engine/Render/Command/VulkanCommandBuffer.h */ = {isa = PBXBuildFile; fileRef = 59B552255D1C4E05969F5AA2 /* /Users/airat/Projects/shootEmUp/Engine/Render/Command/VulkanCommandBuffer.h */; };
/* End PBXBuildFile section */

/* Begin PBXBuildStyle section */
		1B81767893BF4A31A304E408 /* RelWithDebInfo */ = {
			isa = PBXBuildStyle;
			buildSettings = {
				COPY_PHASE_STRIP = NO;
			};
			name = RelWithDebInfo;
		};
		29DC2B2213EB4BC594EF606F /* Release */ = {
			isa = PBXBuildStyle;
			buildSettings = {
				COPY_PHASE_STRIP = NO;
			};
			name = Release;
		};
		379CD438B9154C8A98EDF363 /* MinSizeRel */ = {
			isa = PBXBuildStyle;
			buildSettings = {
				COPY_PHASE_STRIP = NO;
			};
			name = MinSizeRel;
		};
		8229C36CBC0C4C698AAE93AC /* Debug */ = {
			isa = PBXBuildStyle;
			buildSettings = {
				COPY_PHASE_STRIP = NO;
			};
			name = Debug;
		};
/* End PBXBuildStyle section */

/* Begin PBXContainerItemProxy section */
		8ABCD9C12DF74111B18836B9 /* PBXContainerItemProxy */ = {
			isa = PBXContainerItemProxy;
			containerPortal = 1C638FF1C664472AAF4145CA /* Project object */;
			proxyType = 1;
			remoteGlobalIDString = EFCB955CC09747238F59C2A0;
			remoteInfo = Render;
		};
		A96F0AF7575345A9AE6514C1 /* PBXContainerItemProxy */ = {
			isa = PBXContainerItemProxy;
			containerPortal = 1C638FF1C664472AAF4145CA /* Project object */;
			proxyType = 1;
			remoteGlobalIDString = F795513A583E456282E4350A;
			remoteInfo = ZERO_CHECK;
		};
		D2258CC338DC48398B4BDAB0 /* PBXContainerItemProxy */ = {
			isa = PBXContainerItemProxy;
			containerPortal = 1C638FF1C664472AAF4145CA /* Project object */;
			proxyType = 1;
			remoteGlobalIDString = F795513A583E456282E4350A;
			remoteInfo = ZERO_CHECK;
		};
/* End PBXContainerItemProxy section */

/* Begin PBXFileReference section */
		0829A47885D245A987A3EE78 /* /Users/airat/Projects/shootEmUp/Engine/Render/Buffer/IDepthBuffer.cpp */ = {isa = PBXFileReference; explicitFileType = sourcecode.cpp.cpp; fileEncoding = 4; name = IDepthBuffer.cpp; path = Buffer/IDepthBuffer.cpp; sourceTree = SOURCE_ROOT; };
		0BA9795B92C548408AC56A0B /* /Users/airat/Projects/shootEmUp/Engine/Render/Command/ICommandPool.cpp */ = {isa = PBXFileReference; explicitFileType = sourcecode.cpp.cpp; fileEncoding = 4; name = ICommandPool.cpp; path = Command/ICommandPool.cpp; sourceTree = SOURCE_ROOT; };
		0FAC172D168347DB90B89109 /* /Users/airat/Projects/shootEmUp/Engine/Render/Shadowmap/VulkanOmniShadowmap.h */ = {isa = PBXFileReference; explicitFileType = sourcecode.c.h; fileEncoding = 4; name = VulkanOmniShadowmap.h; path = Shadowmap/VulkanOmniShadowmap.h; sourceTree = SOURCE_ROOT; };
		10B25277A54F4B9BA094F846 /* /Users/airat/Projects/shootEmUp/Engine/Render/Render/VulkanRender.h */ = {isa = PBXFileReference; explicitFileType = sourcecode.c.h; fileEncoding = 4; name = VulkanRender.h; path = Render/VulkanRender.h; sourceTree = SOURCE_ROOT; };
		1190B10A440D481883717A92 /* /Users/airat/Projects/shootEmUp/Engine/Render/Pipeline/VulkanPipeline.h */ = {isa = PBXFileReference; explicitFileType = sourcecode.c.h; fileEncoding = 4; name = VulkanPipeline.h; path = Pipeline/VulkanPipeline.h; sourceTree = SOURCE_ROOT; };
		14BAAC219DAB4D0CA8800726 /* /Users/airat/Projects/shootEmUp/Engine/Render/Command/ICommandPool.h */ = {isa = PBXFileReference; explicitFileType = sourcecode.c.h; fileEncoding = 4; name = ICommandPool.h; path = Command/ICommandPool.h; sourceTree = SOURCE_ROOT; };
		1B6D6341C363450793C3BE24 /* /Users/airat/Projects/shootEmUp/Engine/Render/AssetWrapper/VulkanImage.cpp */ = {isa = PBXFileReference; explicitFileType = sourcecode.cpp.cpp; fileEncoding = 4; name = VulkanImage.cpp; path = AssetWrapper/VulkanImage.cpp; sourceTree = SOURCE_ROOT; };
		1D0D00F7D39146F493AB2347 /* /Users/airat/Projects/shootEmUp/Engine/Render/Buffer/RenderQueue.h */ = {isa = PBXFileReference; explicitFileType = sourcecode.c.h; fileEncoding = 4; name = RenderQueue.h; path = Buffer/RenderQueue.h; sourceTree = SOURCE_ROOT; };
		1FDAA92BBC6A4058876866EF /* /Users/airat/Projects/shootEmUp/Engine/Render/Buffer/BaseBuffer.h */ = {isa = PBXFileReference; explicitFileType = sourcecode.c.h; fileEncoding = 4; name = BaseBuffer.h; path = Buffer/BaseBuffer.h; sourceTree = SOURCE_ROOT; };
		21029BC630C24A27B913E1A3 /* /Users/airat/Projects/shootEmUp/Engine/Render/Pipeline/IPipeline.h */ = {isa = PBXFileReference; explicitFileType = sourcecode.c.h; fileEncoding = 4; name = IPipeline.h; path = Pipeline/IPipeline.h; sourceTree = SOURCE_ROOT; };
		28B790D1A1294FC199B2B3C3 /* /Users/airat/Projects/shootEmUp/Engine/Render/Render/IRenderpass.h */ = {isa = PBXFileReference; explicitFileType = sourcecode.c.h; fileEncoding = 4; name = IRenderpass.h; path = Render/IRenderpass.h; sourceTree = SOURCE_ROOT; };
		2B5FEC63FC254DBDB18AB483 /* /Users/airat/Projects/shootEmUp/Engine/Render/Render/VulkanRenderpass.h */ = {isa = PBXFileReference; explicitFileType = sourcecode.c.h; fileEncoding = 4; name = VulkanRenderpass.h; path = Render/VulkanRenderpass.h; sourceTree = SOURCE_ROOT; };
		2F3B78CB64DF49968F568CDE /* /Users/airat/Projects/shootEmUp/Engine/Render/Shader/VulkanShader.h */ = {isa = PBXFileReference; explicitFileType = sourcecode.c.h; fileEncoding = 4; name = VulkanShader.h; path = Shader/VulkanShader.h; sourceTree = SOURCE_ROOT; };
		32C1557FCC5340A698179A04 /* /Users/airat/Projects/shootEmUp/Engine/Render/Buffer/VulkanFramebuffer.h */ = {isa = PBXFileReference; explicitFileType = sourcecode.c.h; fileEncoding = 4; name = VulkanFramebuffer.h; path = Buffer/VulkanFramebuffer.h; sourceTree = SOURCE_ROOT; };
		38833B5F735D41B1ACE753E2 /* Render */ = {isa = PBXFileReference; explicitFileType = archive.ar; path = libRender.a; sourceTree = BUILT_PRODUCTS_DIR; };
		3DAF39075BEE4B8C9FFA0722 /* /Users/airat/Projects/shootEmUp/Engine/Render/Command/VulkanCommandPool.h */ = {isa = PBXFileReference; explicitFileType = sourcecode.c.h; fileEncoding = 4; name = VulkanCommandPool.h; path = Command/VulkanCommandPool.h; sourceTree = SOURCE_ROOT; };
		3E1A4D287F6343AA9AD1C455 /* /Users/airat/Projects/shootEmUp/Engine/Render/AssetWrapper/BufferlessVulkanImage.h */ = {isa = PBXFileReference; explicitFileType = sourcecode.c.h; fileEncoding = 4; name = BufferlessVulkanImage.h; path = AssetWrapper/BufferlessVulkanImage.h; sourceTree = SOURCE_ROOT; };
		4271A369E6A6463BB4605269 /* /Users/airat/Projects/shootEmUp/Engine/Render/AssetWrapper/BufferlessVulkanImage.cpp */ = {isa = PBXFileReference; explicitFileType = sourcecode.cpp.cpp; fileEncoding = 4; name = BufferlessVulkanImage.cpp; path = AssetWrapper/BufferlessVulkanImage.cpp; sourceTree = SOURCE_ROOT; };
		454416D4479A4354A9503897 /* /Users/airat/Projects/shootEmUp/Engine/Render/Render/IRenderpass.cpp */ = {isa = PBXFileReference; explicitFileType = sourcecode.cpp.cpp; fileEncoding = 4; name = IRenderpass.cpp; path = Render/IRenderpass.cpp; sourceTree = SOURCE_ROOT; };
		59B552255D1C4E05969F5AA2 /* /Users/airat/Projects/shootEmUp/Engine/Render/Command/VulkanCommandBuffer.h */ = {isa = PBXFileReference; explicitFileType = sourcecode.c.h; fileEncoding = 4; name = VulkanCommandBuffer.h; path = Command/VulkanCommandBuffer.h; sourceTree = SOURCE_ROOT; };
		59D30BFBB359453E86AD9EE9 /* /Users/airat/Projects/shootEmUp/Engine/Render/CMakeLists.txt */ = {isa = PBXFileReference; explicitFileType = sourcecode.text; fileEncoding = 4; name = CMakeLists.txt; path = CMakeLists.txt; sourceTree = SOURCE_ROOT; };
		614C74D3F1904069B784B306 /* /Users/airat/Projects/shootEmUp/Engine/Render/Render/IRender.cpp */ = {isa = PBXFileReference; explicitFileType = sourcecode.cpp.cpp; fileEncoding = 4; name = IRender.cpp; path = Render/IRender.cpp; sourceTree = SOURCE_ROOT; };
		654FB65D44EB4D578B541AF9 /* /Users/airat/Projects/shootEmUp/Engine/Render/Command/VulkanCommandBuffer.cpp */ = {isa = PBXFileReference; explicitFileType = sourcecode.cpp.cpp; fileEncoding = 4; name = VulkanCommandBuffer.cpp; path = Command/VulkanCommandBuffer.cpp; sourceTree = SOURCE_ROOT; };
		66394E37A40341F2A40DDBAD /* /Users/airat/Projects/shootEmUp/Engine/Render/Buffer/VulkanDepthBuffer.h */ = {isa = PBXFileReference; explicitFileType = sourcecode.c.h; fileEncoding = 4; name = VulkanDepthBuffer.h; path = Buffer/VulkanDepthBuffer.h; sourceTree = SOURCE_ROOT; };
		6AFA342C7E984E3184134253 /* /Users/airat/Projects/shootEmUp/Engine/Render/Command/ICommandBuffer.h */ = {isa = PBXFileReference; explicitFileType = sourcecode.c.h; fileEncoding = 4; name = ICommandBuffer.h; path = Command/ICommandBuffer.h; sourceTree = SOURCE_ROOT; };
		6EC43A3C90054B1D9ACA384E /* /Users/airat/Projects/shootEmUp/Engine/Render/Pipeline/VulkanPipeline.cpp */ = {isa = PBXFileReference; explicitFileType = sourcecode.cpp.cpp; fileEncoding = 4; name = VulkanPipeline.cpp; path = Pipeline/VulkanPipeline.cpp; sourceTree = SOURCE_ROOT; };
		709282D9972748018A205447 /* /Users/airat/Projects/shootEmUp/Engine/Render/Swapchain/SwapchainBuffer.h */ = {isa = PBXFileReference; explicitFileType = sourcecode.c.h; fileEncoding = 4; name = SwapchainBuffer.h; path = Swapchain/SwapchainBuffer.h; sourceTree = SOURCE_ROOT; };
		70BFD79621824F90B9E1C8F9 /* /Users/airat/Projects/shootEmUp/Engine/Render/Swapchain/ISwapchain.cpp */ = {isa = PBXFileReference; explicitFileType = sourcecode.cpp.cpp; fileEncoding = 4; name = ISwapchain.cpp; path = Swapchain/ISwapchain.cpp; sourceTree = SOURCE_ROOT; };
		72FCBE0A13E74738BE626CEE /* /Users/airat/Projects/shootEmUp/Engine/Render/Pipeline/IPipeline.cpp */ = {isa = PBXFileReference; explicitFileType = sourcecode.cpp.cpp; fileEncoding = 4; name = IPipeline.cpp; path = Pipeline/IPipeline.cpp; sourceTree = SOURCE_ROOT; };
		73E49904A23D4DC2AA460E07 /* /Users/airat/Projects/shootEmUp/Engine/Render/AssetWrapper/VulkanImage.h */ = {isa = PBXFileReference; explicitFileType = sourcecode.c.h; fileEncoding = 4; name = VulkanImage.h; path = AssetWrapper/VulkanImage.h; sourceTree = SOURCE_ROOT; };
		74E3A9E6EC8242429EF9F5F5 /* /Users/airat/Projects/shootEmUp/Engine/Render/Buffer/VulkanBuffer.cpp */ = {isa = PBXFileReference; explicitFileType = sourcecode.cpp.cpp; fileEncoding = 4; name = VulkanBuffer.cpp; path = Buffer/VulkanBuffer.cpp; sourceTree = SOURCE_ROOT; };
		789B1E6D01C94A1792FBEA2D /* /Users/airat/Projects/shootEmUp/Engine/Render/AssetWrapper/VulkanMeshData.h */ = {isa = PBXFileReference; explicitFileType = sourcecode.c.h; fileEncoding = 4; name = VulkanMeshData.h; path = AssetWrapper/VulkanMeshData.h; sourceTree = SOURCE_ROOT; };
		7B63FEDC82A74B9BB70FBCD7 /* /Users/airat/Projects/shootEmUp/Engine/Render/Swapchain/ISwapchain.h */ = {isa = PBXFileReference; explicitFileType = sourcecode.c.h; fileEncoding = 4; name = ISwapchain.h; path = Swapchain/ISwapchain.h; sourceTree = SOURCE_ROOT; };
		7C41563B4066448292FA6234 /* /Users/airat/Projects/shootEmUp/Engine/Render/Buffer/VulkanDepthBuffer.cpp */ = {isa = PBXFileReference; explicitFileType = sourcecode.cpp.cpp; fileEncoding = 4; name = VulkanDepthBuffer.cpp; path = Buffer/VulkanDepthBuffer.cpp; sourceTree = SOURCE_ROOT; };
		7F90F02F7F38414A974A0627 /* /Users/airat/Projects/shootEmUp/Engine/Render/AssetWrapper/VulkanMeshData.cpp */ = {isa = PBXFileReference; explicitFileType = sourcecode.cpp.cpp; fileEncoding = 4; name = VulkanMeshData.cpp; path = AssetWrapper/VulkanMeshData.cpp; sourceTree = SOURCE_ROOT; };
		80292691423F4449B3D27C57 /* /Users/airat/Projects/shootEmUp/Engine/Render/Render/VulkanRender.cpp */ = {isa = PBXFileReference; explicitFileType = sourcecode.cpp.cpp; fileEncoding = 4; name = VulkanRender.cpp; path = Render/VulkanRender.cpp; sourceTree = SOURCE_ROOT; };
		82D4248DEAC247C5913EF91E /* /Users/airat/Projects/shootEmUp/Engine/Render/Shader/VulkanShader.cpp */ = {isa = PBXFileReference; explicitFileType = sourcecode.cpp.cpp; fileEncoding = 4; name = VulkanShader.cpp; path = Shader/VulkanShader.cpp; sourceTree = SOURCE_ROOT; };
		9F9AD482D3594EB58D6FE777 /* /Users/airat/Projects/shootEmUp/Engine/Render/Buffer/IFramebuffer.h */ = {isa = PBXFileReference; explicitFileType = sourcecode.c.h; fileEncoding = 4; name = IFramebuffer.h; path = Buffer/IFramebuffer.h; sourceTree = SOURCE_ROOT; };
		A34911F7ADD440F39FF07D73 /* /Users/airat/Projects/shootEmUp/Engine/Render/Buffer/IDepthBuffer.h */ = {isa = PBXFileReference; explicitFileType = sourcecode.c.h; fileEncoding = 4; name = IDepthBuffer.h; path = Buffer/IDepthBuffer.h; sourceTree = SOURCE_ROOT; };
		AF3A8D73F02244929C93C953 /* /Users/airat/Projects/shootEmUp/Engine/Render/CMakeLists.txt */ = {isa = PBXFileReference; explicitFileType = sourcecode.text; fileEncoding = 4; name = CMakeLists.txt; path = CMakeLists.txt; sourceTree = SOURCE_ROOT; };
		B9626370473842BA96AFDC58 /* /Users/airat/Projects/shootEmUp/Engine/Render/Render/VulkanRenderpass.cpp */ = {isa = PBXFileReference; explicitFileType = sourcecode.cpp.cpp; fileEncoding = 4; name = VulkanRenderpass.cpp; path = Render/VulkanRenderpass.cpp; sourceTree = SOURCE_ROOT; };
		BB748DCBFC8949A7910D07AB /* /Users/airat/Projects/shootEmUp/Engine/Render/Buffer/ShadowmapBuffer.h */ = {isa = PBXFileReference; explicitFileType = sourcecode.c.h; fileEncoding = 4; name = ShadowmapBuffer.h; path = Buffer/ShadowmapBuffer.h; sourceTree = SOURCE_ROOT; };
		BC51E478B39B48F099DDE8A7 /* /Users/airat/Projects/shootEmUp/Engine/Render/Pipeline/IVulkanRenderMeshBufferCreator.h */ = {isa = PBXFileReference; explicitFileType = sourcecode.c.h; fileEncoding = 4; name = IVulkanRenderMeshBufferCreator.h; path = Pipeline/IVulkanRenderMeshBufferCreator.h; sourceTree = SOURCE_ROOT; };
		BD25812F6E6B4554937AABED /* /Users/airat/Projects/shootEmUp/Engine/Render/Shadowmap/VulkanOmniShadowmap.cpp */ = {isa = PBXFileReference; explicitFileType = sourcecode.cpp.cpp; fileEncoding = 4; name = VulkanOmniShadowmap.cpp; path = Shadowmap/VulkanOmniShadowmap.cpp; sourceTree = SOURCE_ROOT; };
		BE94E43B38394A359BE2E36F /* /Users/airat/Projects/shootEmUp/Engine/Render/Buffer/IFramebuffer.cpp */ = {isa = PBXFileReference; explicitFileType = sourcecode.cpp.cpp; fileEncoding = 4; name = IFramebuffer.cpp; path = Buffer/IFramebuffer.cpp; sourceTree = SOURCE_ROOT; };
		C6A235CD943344E2A03DD4F9 /* /Users/airat/Projects/shootEmUp/Engine/Render/Buffer/VertexBuffer.h */ = {isa = PBXFileReference; explicitFileType = sourcecode.c.h; fileEncoding = 4; name = VertexBuffer.h; path = Buffer/VertexBuffer.h; sourceTree = SOURCE_ROOT; };
		CD16B699FF9847BF9D759025 /* /Users/airat/Projects/shootEmUp/Engine/Render/Render/IRender.h */ = {isa = PBXFileReference; explicitFileType = sourcecode.c.h; fileEncoding = 4; name = IRender.h; path = Render/IRender.h; sourceTree = SOURCE_ROOT; };
		DE265A54B7B94BC3B18971F9 /* /Users/airat/Projects/shootEmUp/Engine/Render/Buffer/VulkanFramebuffer.cpp */ = {isa = PBXFileReference; explicitFileType = sourcecode.cpp.cpp; fileEncoding = 4; name = VulkanFramebuffer.cpp; path = Buffer/VulkanFramebuffer.cpp; sourceTree = SOURCE_ROOT; };
		E4652FBF7B1042648C92255E /* /Users/airat/Projects/shootEmUp/Engine/Render/Shadowmap/IShadowmap.h */ = {isa = PBXFileReference; explicitFileType = sourcecode.c.h; fileEncoding = 4; name = IShadowmap.h; path = Shadowmap/IShadowmap.h; sourceTree = SOURCE_ROOT; };
		E9FBFFC756EF4C87B9FF0115 /* /Users/airat/Projects/shootEmUp/Engine/Render/Pipeline/IVulkanRenderMeshBufferCreator.cpp */ = {isa = PBXFileReference; explicitFileType = sourcecode.cpp.cpp; fileEncoding = 4; name = IVulkanRenderMeshBufferCreator.cpp; path = Pipeline/IVulkanRenderMeshBufferCreator.cpp; sourceTree = SOURCE_ROOT; };
		EF5146B3DD3B403E824481F4 /* /Users/airat/Projects/shootEmUp/Engine/Render/Command/ICommandBuffer.cpp */ = {isa = PBXFileReference; explicitFileType = sourcecode.cpp.cpp; fileEncoding = 4; name = ICommandBuffer.cpp; path = Command/ICommandBuffer.cpp; sourceTree = SOURCE_ROOT; };
		F03235D050954131AF8BE672 /* /Users/airat/Projects/shootEmUp/Engine/Render/Command/VulkanCommandPool.cpp */ = {isa = PBXFileReference; explicitFileType = sourcecode.cpp.cpp; fileEncoding = 4; name = VulkanCommandPool.cpp; path = Command/VulkanCommandPool.cpp; sourceTree = SOURCE_ROOT; };
		F77B8AE6C59A44FD87216103 /* /Users/airat/Projects/shootEmUp/Engine/Render/Buffer/VulkanBuffer.h */ = {isa = PBXFileReference; explicitFileType = sourcecode.c.h; fileEncoding = 4; name = VulkanBuffer.h; path = Buffer/VulkanBuffer.h; sourceTree = SOURCE_ROOT; };
/* End PBXFileReference section */

/* Begin PBXFrameworksBuildPhase section */
		1EA3366C6AC1445E9D6C36EB /* Frameworks */ = {
			isa = PBXFrameworksBuildPhase;
			buildActionMask = 2147483647;
			files = (
			);
			runOnlyForDeploymentPostprocessing = 0;
		};
/* End PBXFrameworksBuildPhase section */

/* Begin PBXGroup section */
		063C065040BE4741BAEB8B91 = {
			isa = PBXGroup;
			children = (
				817400B0016C4A629E1C72B1 /* Render */,
				CC8769FA516D4B3FB0FEA8FD /* ALL_BUILD */,
				529BEE15E1E24368B46AEF1E /* Products */,
				1ED4EFCB2D5E4C65985BCE05 /* Frameworks */,
			);
			sourceTree = "<group>";
		};
		1ED4EFCB2D5E4C65985BCE05 /* Frameworks */ = {
			isa = PBXGroup;
			children = (
			);
			name = Frameworks;
			sourceTree = "<group>";
		};
		529BEE15E1E24368B46AEF1E /* Products */ = {
			isa = PBXGroup;
			children = (
				38833B5F735D41B1ACE753E2 /* Render */,
			);
			name = Products;
			sourceTree = "<group>";
		};
		817400B0016C4A629E1C72B1 /* Render */ = {
			isa = PBXGroup;
			children = (
				D68D2B007448444E8412A711 /* Source Files */,
				913BEC7E869D4C6EB191257F /* Header Files */,
				AF3A8D73F02244929C93C953 /* /Users/airat/Projects/shootEmUp/Engine/Render/CMakeLists.txt */,
			);
			name = Render;
			sourceTree = "<group>";
		};
		913BEC7E869D4C6EB191257F /* Header Files */ = {
			isa = PBXGroup;
			children = (
				3E1A4D287F6343AA9AD1C455 /* /Users/airat/Projects/shootEmUp/Engine/Render/AssetWrapper/BufferlessVulkanImage.h */,
				73E49904A23D4DC2AA460E07 /* /Users/airat/Projects/shootEmUp/Engine/Render/AssetWrapper/VulkanImage.h */,
				789B1E6D01C94A1792FBEA2D /* /Users/airat/Projects/shootEmUp/Engine/Render/AssetWrapper/VulkanMeshData.h */,
				1FDAA92BBC6A4058876866EF /* /Users/airat/Projects/shootEmUp/Engine/Render/Buffer/BaseBuffer.h */,
				A34911F7ADD440F39FF07D73 /* /Users/airat/Projects/shootEmUp/Engine/Render/Buffer/IDepthBuffer.h */,
				9F9AD482D3594EB58D6FE777 /* /Users/airat/Projects/shootEmUp/Engine/Render/Buffer/IFramebuffer.h */,
				1D0D00F7D39146F493AB2347 /* /Users/airat/Projects/shootEmUp/Engine/Render/Buffer/RenderQueue.h */,
				BB748DCBFC8949A7910D07AB /* /Users/airat/Projects/shootEmUp/Engine/Render/Buffer/ShadowmapBuffer.h */,
				C6A235CD943344E2A03DD4F9 /* /Users/airat/Projects/shootEmUp/Engine/Render/Buffer/VertexBuffer.h */,
				F77B8AE6C59A44FD87216103 /* /Users/airat/Projects/shootEmUp/Engine/Render/Buffer/VulkanBuffer.h */,
				66394E37A40341F2A40DDBAD /* /Users/airat/Projects/shootEmUp/Engine/Render/Buffer/VulkanDepthBuffer.h */,
				32C1557FCC5340A698179A04 /* /Users/airat/Projects/shootEmUp/Engine/Render/Buffer/VulkanFramebuffer.h */,
				6AFA342C7E984E3184134253 /* /Users/airat/Projects/shootEmUp/Engine/Render/Command/ICommandBuffer.h */,
				14BAAC219DAB4D0CA8800726 /* /Users/airat/Projects/shootEmUp/Engine/Render/Command/ICommandPool.h */,
				59B552255D1C4E05969F5AA2 /* /Users/airat/Projects/shootEmUp/Engine/Render/Command/VulkanCommandBuffer.h */,
				3DAF39075BEE4B8C9FFA0722 /* /Users/airat/Projects/shootEmUp/Engine/Render/Command/VulkanCommandPool.h */,
				21029BC630C24A27B913E1A3 /* /Users/airat/Projects/shootEmUp/Engine/Render/Pipeline/IPipeline.h */,
				BC51E478B39B48F099DDE8A7 /* /Users/airat/Projects/shootEmUp/Engine/Render/Pipeline/IVulkanRenderMeshBufferCreator.h */,
				1190B10A440D481883717A92 /* /Users/airat/Projects/shootEmUp/Engine/Render/Pipeline/VulkanPipeline.h */,
				CD16B699FF9847BF9D759025 /* /Users/airat/Projects/shootEmUp/Engine/Render/Render/IRender.h */,
				28B790D1A1294FC199B2B3C3 /* /Users/airat/Projects/shootEmUp/Engine/Render/Render/IRenderpass.h */,
				10B25277A54F4B9BA094F846 /* /Users/airat/Projects/shootEmUp/Engine/Render/Render/VulkanRender.h */,
				2B5FEC63FC254DBDB18AB483 /* /Users/airat/Projects/shootEmUp/Engine/Render/Render/VulkanRenderpass.h */,
				2F3B78CB64DF49968F568CDE /* /Users/airat/Projects/shootEmUp/Engine/Render/Shader/VulkanShader.h */,
				E4652FBF7B1042648C92255E /* /Users/airat/Projects/shootEmUp/Engine/Render/Shadowmap/IShadowmap.h */,
				0FAC172D168347DB90B89109 /* /Users/airat/Projects/shootEmUp/Engine/Render/Shadowmap/VulkanOmniShadowmap.h */,
				7B63FEDC82A74B9BB70FBCD7 /* /Users/airat/Projects/shootEmUp/Engine/Render/Swapchain/ISwapchain.h */,
				709282D9972748018A205447 /* /Users/airat/Projects/shootEmUp/Engine/Render/Swapchain/SwapchainBuffer.h */,
			);
			name = "Header Files";
			sourceTree = "<group>";
		};
		CB3845ADE7D44E808607CC0F /* CMake Rules */ = {
			isa = PBXGroup;
			children = (
			);
			name = "CMake Rules";
			sourceTree = "<group>";
		};
		CC8769FA516D4B3FB0FEA8FD /* ALL_BUILD */ = {
			isa = PBXGroup;
			children = (
				CB3845ADE7D44E808607CC0F /* CMake Rules */,
				59D30BFBB359453E86AD9EE9 /* /Users/airat/Projects/shootEmUp/Engine/Render/CMakeLists.txt */,
			);
			name = ALL_BUILD;
			sourceTree = "<group>";
		};
		D68D2B007448444E8412A711 /* Source Files */ = {
			isa = PBXGroup;
			children = (
				4271A369E6A6463BB4605269 /* /Users/airat/Projects/shootEmUp/Engine/Render/AssetWrapper/BufferlessVulkanImage.cpp */,
				1B6D6341C363450793C3BE24 /* /Users/airat/Projects/shootEmUp/Engine/Render/AssetWrapper/VulkanImage.cpp */,
				7F90F02F7F38414A974A0627 /* /Users/airat/Projects/shootEmUp/Engine/Render/AssetWrapper/VulkanMeshData.cpp */,
				0829A47885D245A987A3EE78 /* /Users/airat/Projects/shootEmUp/Engine/Render/Buffer/IDepthBuffer.cpp */,
				BE94E43B38394A359BE2E36F /* /Users/airat/Projects/shootEmUp/Engine/Render/Buffer/IFramebuffer.cpp */,
				74E3A9E6EC8242429EF9F5F5 /* /Users/airat/Projects/shootEmUp/Engine/Render/Buffer/VulkanBuffer.cpp */,
				7C41563B4066448292FA6234 /* /Users/airat/Projects/shootEmUp/Engine/Render/Buffer/VulkanDepthBuffer.cpp */,
				DE265A54B7B94BC3B18971F9 /* /Users/airat/Projects/shootEmUp/Engine/Render/Buffer/VulkanFramebuffer.cpp */,
				EF5146B3DD3B403E824481F4 /* /Users/airat/Projects/shootEmUp/Engine/Render/Command/ICommandBuffer.cpp */,
				0BA9795B92C548408AC56A0B /* /Users/airat/Projects/shootEmUp/Engine/Render/Command/ICommandPool.cpp */,
				654FB65D44EB4D578B541AF9 /* /Users/airat/Projects/shootEmUp/Engine/Render/Command/VulkanCommandBuffer.cpp */,
				F03235D050954131AF8BE672 /* /Users/airat/Projects/shootEmUp/Engine/Render/Command/VulkanCommandPool.cpp */,
				72FCBE0A13E74738BE626CEE /* /Users/airat/Projects/shootEmUp/Engine/Render/Pipeline/IPipeline.cpp */,
				E9FBFFC756EF4C87B9FF0115 /* /Users/airat/Projects/shootEmUp/Engine/Render/Pipeline/IVulkanRenderMeshBufferCreator.cpp */,
				6EC43A3C90054B1D9ACA384E /* /Users/airat/Projects/shootEmUp/Engine/Render/Pipeline/VulkanPipeline.cpp */,
				614C74D3F1904069B784B306 /* /Users/airat/Projects/shootEmUp/Engine/Render/Render/IRender.cpp */,
				454416D4479A4354A9503897 /* /Users/airat/Projects/shootEmUp/Engine/Render/Render/IRenderpass.cpp */,
				80292691423F4449B3D27C57 /* /Users/airat/Projects/shootEmUp/Engine/Render/Render/VulkanRender.cpp */,
				B9626370473842BA96AFDC58 /* /Users/airat/Projects/shootEmUp/Engine/Render/Render/VulkanRenderpass.cpp */,
				82D4248DEAC247C5913EF91E /* /Users/airat/Projects/shootEmUp/Engine/Render/Shader/VulkanShader.cpp */,
				BD25812F6E6B4554937AABED /* /Users/airat/Projects/shootEmUp/Engine/Render/Shadowmap/VulkanOmniShadowmap.cpp */,
				70BFD79621824F90B9E1C8F9 /* /Users/airat/Projects/shootEmUp/Engine/Render/Swapchain/ISwapchain.cpp */,
			);
			name = "Source Files";
			sourceTree = "<group>";
		};
/* End PBXGroup section */

/* Begin PBXNativeTarget section */
		EFCB955CC09747238F59C2A0 /* Render */ = {
			isa = PBXNativeTarget;
			buildConfigurationList = 2BC6634819824E358FF92B7C /* Build configuration list for PBXNativeTarget "Render" */;
			buildPhases = (
				0E88D88E17284F3E9927AFCD /* Sources */,
				1EA3366C6AC1445E9D6C36EB /* Frameworks */,
			);
			buildRules = (
			);
			dependencies = (
				96AED4A088A34E219EF1C463 /* PBXTargetDependency */,
			);
			name = Render;
			productName = Render;
			productReference = 38833B5F735D41B1ACE753E2 /* Render */;
			productType = "com.apple.product-type.library.static";
		};
/* End PBXNativeTarget section */

/* Begin PBXProject section */
		1C638FF1C664472AAF4145CA /* Project object */ = {
			isa = PBXProject;
			attributes = {
				BuildIndependentTargetsInParallel = YES;
				LastUpgradeCheck = 1500;
			};
			buildConfigurationList = 0DC716BBFEC14390B0B0FC20 /* Build configuration list for PBXProject "Render" */;
			buildSettings = {
			};
			buildStyles = (
				8229C36CBC0C4C698AAE93AC /* Debug */,
				29DC2B2213EB4BC594EF606F /* Release */,
				379CD438B9154C8A98EDF363 /* MinSizeRel */,
				1B81767893BF4A31A304E408 /* RelWithDebInfo */,
			);
			compatibilityVersion = "Xcode 3.2";
			hasScannedForEncodings = 0;
			mainGroup = 063C065040BE4741BAEB8B91;
			projectDirPath = .;
			projectRoot = "";
			targets = (
				3C2722D7751840A5BEC9CD31 /* ALL_BUILD */,
				EFCB955CC09747238F59C2A0 /* Render */,
				F795513A583E456282E4350A /* ZERO_CHECK */,
			);
		};
/* End PBXProject section */

/* Begin PBXShellScriptBuildPhase section */
		28A9102DB66ACF7B46F199A4 /* Generate CMakeFiles/ZERO_CHECK */ = {
			isa = PBXShellScriptBuildPhase;
			alwaysOutOfDate = 1;
			buildActionMask = 2147483647;
			files = (
			);
			inputPaths = (
			);
			name = "Generate CMakeFiles/ZERO_CHECK";
			outputPaths = (
/Users/airat/Projects/shootEmUp/Engine/Render/CMakeFiles/ZERO_CHECK			);
			runOnlyForDeploymentPostprocessing = 0;
			shellPath = /bin/sh;
			shellScript = "set -e
if test \"$CONFIGURATION\" = \"Debug\"; then :
  cd /Users/airat/Projects/shootEmUp/Engine/Render
  make -f /Users/airat/Projects/shootEmUp/Engine/Render/CMakeScripts/ReRunCMake.make
fi
if test \"$CONFIGURATION\" = \"Release\"; then :
  cd /Users/airat/Projects/shootEmUp/Engine/Render
  make -f /Users/airat/Projects/shootEmUp/Engine/Render/CMakeScripts/ReRunCMake.make
fi
if test \"$CONFIGURATION\" = \"MinSizeRel\"; then :
  cd /Users/airat/Projects/shootEmUp/Engine/Render
  make -f /Users/airat/Projects/shootEmUp/Engine/Render/CMakeScripts/ReRunCMake.make
fi
if test \"$CONFIGURATION\" = \"RelWithDebInfo\"; then :
  cd /Users/airat/Projects/shootEmUp/Engine/Render
  make -f /Users/airat/Projects/shootEmUp/Engine/Render/CMakeScripts/ReRunCMake.make
fi
";
			showEnvVarsInLog = 0;
		};
		3C0110FC8322DE7E50886E21 = {
			isa = PBXShellScriptBuildPhase;
			buildActionMask = 2147483647;
			files = (
			);
			inputPaths = (
			);
			outputPaths = (
			);
			runOnlyForDeploymentPostprocessing = 0;
			shellPath = /bin/sh;
			shellScript = "# shell script goes here
exit 0";
			showEnvVarsInLog = 0;
		};
		9B50530E35CC49C82C2FACCF = {
			isa = PBXShellScriptBuildPhase;
			buildActionMask = 2147483647;
			files = (
			);
			inputPaths = (
			);
			outputPaths = (
			);
			runOnlyForDeploymentPostprocessing = 0;
			shellPath = /bin/sh;
			shellScript = "# shell script goes here
exit 0";
			showEnvVarsInLog = 0;
		};
		B623B83428AB491A7087E97A /* Generate CMakeFiles/ALL_BUILD */ = {
			isa = PBXShellScriptBuildPhase;
			alwaysOutOfDate = 1;
			buildActionMask = 2147483647;
			files = (
			);
			inputPaths = (
			);
			name = "Generate CMakeFiles/ALL_BUILD";
			outputPaths = (
/Users/airat/Projects/shootEmUp/Engine/Render/CMakeFiles/ALL_BUILD			);
			runOnlyForDeploymentPostprocessing = 0;
			shellPath = /bin/sh;
			shellScript = "set -e
if test \"$CONFIGURATION\" = \"Debug\"; then :
  cd /Users/airat/Projects/shootEmUp/Engine/Render
  echo Build\\ all\\ projects
fi
if test \"$CONFIGURATION\" = \"Release\"; then :
  cd /Users/airat/Projects/shootEmUp/Engine/Render
  echo Build\\ all\\ projects
fi
if test \"$CONFIGURATION\" = \"MinSizeRel\"; then :
  cd /Users/airat/Projects/shootEmUp/Engine/Render
  echo Build\\ all\\ projects
fi
if test \"$CONFIGURATION\" = \"RelWithDebInfo\"; then :
  cd /Users/airat/Projects/shootEmUp/Engine/Render
  echo Build\\ all\\ projects
fi
";
			showEnvVarsInLog = 0;
		};
/* End PBXShellScriptBuildPhase section */

/* Begin PBXSourcesBuildPhase section */
		0E88D88E17284F3E9927AFCD /* Sources */ = {
			isa = PBXSourcesBuildPhase;
			buildActionMask = 2147483647;
			files = (
				AAE6137074004D01B22D5AFF /* /Users/airat/Projects/shootEmUp/Engine/Render/AssetWrapper/BufferlessVulkanImage.cpp */,
				B838F0465095400C88F019C9 /* /Users/airat/Projects/shootEmUp/Engine/Render/AssetWrapper/VulkanImage.cpp */,
				C5C259E223624625B4F798E9 /* /Users/airat/Projects/shootEmUp/Engine/Render/AssetWrapper/VulkanMeshData.cpp */,
				DC9800878F0346F19423270C /* /Users/airat/Projects/shootEmUp/Engine/Render/Buffer/IDepthBuffer.cpp */,
				9074C0C3C6154E099F5C469A /* /Users/airat/Projects/shootEmUp/Engine/Render/Buffer/IFramebuffer.cpp */,
				71C2CD3CAC5842FFA6C48B2B /* /Users/airat/Projects/shootEmUp/Engine/Render/Buffer/VulkanBuffer.cpp */,
				F60592E64BE44802B4778CB1 /* /Users/airat/Projects/shootEmUp/Engine/Render/Buffer/VulkanDepthBuffer.cpp */,
				47BC2AAD42FD49079A97A915 /* /Users/airat/Projects/shootEmUp/Engine/Render/Buffer/VulkanFramebuffer.cpp */,
				827C1CDE62BA46739FF67F23 /* /Users/airat/Projects/shootEmUp/Engine/Render/Command/ICommandBuffer.cpp */,
				550DFEFFF819415087204A23 /* /Users/airat/Projects/shootEmUp/Engine/Render/Command/ICommandPool.cpp */,
				73B0F6DCE7864ABE84B859BF /* /Users/airat/Projects/shootEmUp/Engine/Render/Command/VulkanCommandBuffer.cpp */,
				4F3CD678F94A4F7ABB39B306 /* /Users/airat/Projects/shootEmUp/Engine/Render/Command/VulkanCommandPool.cpp */,
				C2AEB1EF9BEC4EC4A0454728 /* /Users/airat/Projects/shootEmUp/Engine/Render/Pipeline/IPipeline.cpp */,
				888887F68BE94AA0AC9CF8B8 /* /Users/airat/Projects/shootEmUp/Engine/Render/Pipeline/IVulkanRenderMeshBufferCreator.cpp */,
				8061A77A7F704B85B7696D45 /* /Users/airat/Projects/shootEmUp/Engine/Render/Pipeline/VulkanPipeline.cpp */,
				6E7D54D1283442B2B948442B /* /Users/airat/Projects/shootEmUp/Engine/Render/Render/IRender.cpp */,
				C349EED88C62442DB7FCCAF4 /* /Users/airat/Projects/shootEmUp/Engine/Render/Render/IRenderpass.cpp */,
				81D2D70692DB4115AAB83174 /* /Users/airat/Projects/shootEmUp/Engine/Render/Render/VulkanRender.cpp */,
				77179E95B668419599C66260 /* /Users/airat/Projects/shootEmUp/Engine/Render/Render/VulkanRenderpass.cpp */,
				F340B2B162B643EF88A3022A /* /Users/airat/Projects/shootEmUp/Engine/Render/Shader/VulkanShader.cpp */,
				5CCB3D48DB6F40A19DE24D53 /* /Users/airat/Projects/shootEmUp/Engine/Render/Shadowmap/VulkanOmniShadowmap.cpp */,
				DB4932195486496C8826D577 /* /Users/airat/Projects/shootEmUp/Engine/Render/Swapchain/ISwapchain.cpp */,
			);
			runOnlyForDeploymentPostprocessing = 0;
		};
/* End PBXSourcesBuildPhase section */

/* Begin PBXTargetDependency section */
		2D83851D6FDB4D58B3E3C4AE /* PBXTargetDependency */ = {
			isa = PBXTargetDependency;
			target = F795513A583E456282E4350A /* ZERO_CHECK */;
			targetProxy = D2258CC338DC48398B4BDAB0 /* PBXContainerItemProxy */;
		};
		96AED4A088A34E219EF1C463 /* PBXTargetDependency */ = {
			isa = PBXTargetDependency;
			target = F795513A583E456282E4350A /* ZERO_CHECK */;
			targetProxy = A96F0AF7575345A9AE6514C1 /* PBXContainerItemProxy */;
		};
		C44D3399AC7E49C68690ACE6 /* PBXTargetDependency */ = {
			isa = PBXTargetDependency;
			target = EFCB955CC09747238F59C2A0 /* Render */;
			targetProxy = 8ABCD9C12DF74111B18836B9 /* PBXContainerItemProxy */;
		};
/* End PBXTargetDependency section */

/* Begin XCBuildConfiguration section */
		1739D90745E34B079E8A0180 /* MinSizeRel */ = {
			isa = XCBuildConfiguration;
			buildSettings = {
				ALWAYS_SEARCH_USER_PATHS = NO;
				ARCHS = arm64;
				COMBINE_HIDPI_IMAGES = YES;
				GCC_GENERATE_DEBUGGING_SYMBOLS = YES;
				GCC_INLINES_ARE_PRIVATE_EXTERN = NO;
				GCC_OPTIMIZATION_LEVEL = 0;
				GCC_PREPROCESSOR_DEFINITIONS = ("'CMAKE_INTDIR=\"$(CONFIGURATION)$(EFFECTIVE_PLATFORM_NAME)\"'","$(inherited)");
				GCC_SYMBOLS_PRIVATE_EXTERN = NO;
				INSTALL_PATH = "";
				ONLY_ACTIVE_ARCH = NO;
				OTHER_LDFLAGS = ("","$(inherited)");
				OTHER_REZFLAGS = "";
				PRODUCT_NAME = ZERO_CHECK;
				SECTORDER_FLAGS = "";
				USE_HEADERMAP = NO;
				WARNING_CFLAGS = ("$(inherited)");
			};
			name = MinSizeRel;
		};
		1C55CA8901B14488B41F3D86 /* Debug */ = {
			isa = XCBuildConfiguration;
			buildSettings = {
				ALWAYS_SEARCH_USER_PATHS = NO;
				ARCHS = arm64;
				COMBINE_HIDPI_IMAGES = YES;
				CONFIGURATION_BUILD_DIR = /Users/airat/Projects/shootEmUp/Engine/Render/Debug;
				EXECUTABLE_PREFIX = lib;
				EXECUTABLE_SUFFIX = .a;
				GCC_GENERATE_DEBUGGING_SYMBOLS = YES;
				GCC_INLINES_ARE_PRIVATE_EXTERN = NO;
				GCC_OPTIMIZATION_LEVEL = 0;
				GCC_PREPROCESSOR_DEFINITIONS = ("'CMAKE_INTDIR=\"$(CONFIGURATION)$(EFFECTIVE_PLATFORM_NAME)\"'","$(inherited)");
				GCC_SYMBOLS_PRIVATE_EXTERN = NO;
				HEADER_SEARCH_PATHS = (/Users/airat/Projects/shootEmUp/shootEmUp,/opt/homebrew/Cellar/sdl2/2.28.5/include,/opt/homebrew/Cellar/sdl2/2.28.5/include/SDL2,/opt/homebrew/include,/Users/airat/Projects/shootEmUp/include,/Users/airat/Projects/shootEmUp/Engine,/Users/airat/Projects/shootEmUp/Engine/Render/..,/Users/airat/Projects/shootEmUp/Engine/Render/.,/Users/airat/Projects/shootEmUp/Engine/Render/../Shared,"$(inherited)");
				INSTALL_PATH = "";
				LIBRARY_STYLE = STATIC;
				ONLY_ACTIVE_ARCH = NO;
				OTHER_CPLUSPLUSFLAGS = "   '-std=gnu++17' ";
				OTHER_LIBTOOLFLAGS = ("");
				OTHER_REZFLAGS = "";
				PRODUCT_NAME = Render;
				SECTORDER_FLAGS = "";
				TARGET_TEMP_DIR = "/Users/airat/Projects/shootEmUp/build/Render.build/$(CONFIGURATION)$(EFFECTIVE_PLATFORM_NAME)";
				USE_HEADERMAP = NO;
				WARNING_CFLAGS = ("$(inherited)");
			};
			name = Debug;
		};
		1CB50F907B214918A3244745 /* RelWithDebInfo */ = {
			isa = XCBuildConfiguration;
			buildSettings = {
				ALWAYS_SEARCH_USER_PATHS = NO;
				ARCHS = arm64;
				COMBINE_HIDPI_IMAGES = YES;
				CONFIGURATION_BUILD_DIR = /Users/airat/Projects/shootEmUp/Engine/Render/RelWithDebInfo;
				EXECUTABLE_PREFIX = lib;
				EXECUTABLE_SUFFIX = .a;
				GCC_GENERATE_DEBUGGING_SYMBOLS = YES;
				GCC_INLINES_ARE_PRIVATE_EXTERN = NO;
				GCC_OPTIMIZATION_LEVEL = 2;
				GCC_PREPROCESSOR_DEFINITIONS = ("'CMAKE_INTDIR=\"$(CONFIGURATION)$(EFFECTIVE_PLATFORM_NAME)\"'","$(inherited)");
				GCC_SYMBOLS_PRIVATE_EXTERN = NO;
				HEADER_SEARCH_PATHS = (/Users/airat/Projects/shootEmUp/shootEmUp,/opt/homebrew/Cellar/sdl2/2.28.5/include,/opt/homebrew/Cellar/sdl2/2.28.5/include/SDL2,/opt/homebrew/include,/Users/airat/Projects/shootEmUp/include,/Users/airat/Projects/shootEmUp/Engine,/Users/airat/Projects/shootEmUp/Engine/Render/..,/Users/airat/Projects/shootEmUp/Engine/Render/.,/Users/airat/Projects/shootEmUp/Engine/Render/../Shared,"$(inherited)");
				INSTALL_PATH = "";
				LIBRARY_STYLE = STATIC;
				ONLY_ACTIVE_ARCH = NO;
				OTHER_CPLUSPLUSFLAGS = "       -DNDEBUG '-std=gnu++17' ";
				OTHER_LIBTOOLFLAGS = ("");
				OTHER_REZFLAGS = "";
				PRODUCT_NAME = Render;
				SECTORDER_FLAGS = "";
				TARGET_TEMP_DIR = "/Users/airat/Projects/shootEmUp/build/Render.build/$(CONFIGURATION)$(EFFECTIVE_PLATFORM_NAME)";
				USE_HEADERMAP = NO;
				WARNING_CFLAGS = ("$(inherited)");
			};
			name = RelWithDebInfo;
		};
		32328250A2D3404EA5655B90 /* RelWithDebInfo */ = {
			isa = XCBuildConfiguration;
			buildSettings = {
				ALWAYS_SEARCH_USER_PATHS = NO;
				ARCHS = arm64;
				COMBINE_HIDPI_IMAGES = YES;
				GCC_GENERATE_DEBUGGING_SYMBOLS = YES;
				GCC_INLINES_ARE_PRIVATE_EXTERN = NO;
				GCC_OPTIMIZATION_LEVEL = 0;
				GCC_PREPROCESSOR_DEFINITIONS = ("'CMAKE_INTDIR=\"$(CONFIGURATION)$(EFFECTIVE_PLATFORM_NAME)\"'","$(inherited)");
				GCC_SYMBOLS_PRIVATE_EXTERN = NO;
				INSTALL_PATH = "";
				ONLY_ACTIVE_ARCH = NO;
				OTHER_LDFLAGS = ("","$(inherited)");
				OTHER_REZFLAGS = "";
				PRODUCT_NAME = ALL_BUILD;
				SECTORDER_FLAGS = "";
				USE_HEADERMAP = NO;
				WARNING_CFLAGS = ("$(inherited)");
			};
			name = RelWithDebInfo;
		};
		47161F9BBDDE4750B5F604E0 /* MinSizeRel */ = {
			isa = XCBuildConfiguration;
			buildSettings = {
				ALWAYS_SEARCH_USER_PATHS = NO;
				ARCHS = arm64;
				COMBINE_HIDPI_IMAGES = YES;
				CONFIGURATION_BUILD_DIR = /Users/airat/Projects/shootEmUp/Engine/Render/MinSizeRel;
				EXECUTABLE_PREFIX = lib;
				EXECUTABLE_SUFFIX = .a;
				GCC_GENERATE_DEBUGGING_SYMBOLS = NO;
				GCC_INLINES_ARE_PRIVATE_EXTERN = NO;
				GCC_OPTIMIZATION_LEVEL = s;
				GCC_PREPROCESSOR_DEFINITIONS = ("'CMAKE_INTDIR=\"$(CONFIGURATION)$(EFFECTIVE_PLATFORM_NAME)\"'","$(inherited)");
				GCC_SYMBOLS_PRIVATE_EXTERN = NO;
				HEADER_SEARCH_PATHS = (/Users/airat/Projects/shootEmUp/shootEmUp,/opt/homebrew/Cellar/sdl2/2.28.5/include,/opt/homebrew/Cellar/sdl2/2.28.5/include/SDL2,/opt/homebrew/include,/Users/airat/Projects/shootEmUp/include,/Users/airat/Projects/shootEmUp/Engine,/Users/airat/Projects/shootEmUp/Engine/Render/..,/Users/airat/Projects/shootEmUp/Engine/Render/.,/Users/airat/Projects/shootEmUp/Engine/Render/../Shared,"$(inherited)");
				INSTALL_PATH = "";
				LIBRARY_STYLE = STATIC;
				ONLY_ACTIVE_ARCH = NO;
				OTHER_CPLUSPLUSFLAGS = "    -DNDEBUG '-std=gnu++17' ";
				OTHER_LIBTOOLFLAGS = ("");
				OTHER_REZFLAGS = "";
				PRODUCT_NAME = Render;
				SECTORDER_FLAGS = "";
				TARGET_TEMP_DIR = "/Users/airat/Projects/shootEmUp/build/Render.build/$(CONFIGURATION)$(EFFECTIVE_PLATFORM_NAME)";
				USE_HEADERMAP = NO;
				WARNING_CFLAGS = ("$(inherited)");
			};
			name = MinSizeRel;
		};
		4D190EFAE4B74D6FB15FC143 /* Debug */ = {
			isa = XCBuildConfiguration;
			buildSettings = {
				ARCHS = arm64;
				SDKROOT = /Applications/Xcode.app/Contents/Developer/Platforms/MacOSX.platform/Developer/SDKs/MacOSX14.0.sdk;
				SYMROOT = /Users/airat/Projects/shootEmUp/build;
			};
			name = Debug;
		};
		6B388BF6EA5F470EA0FA742E /* Release */ = {
			isa = XCBuildConfiguration;
			buildSettings = {
				ALWAYS_SEARCH_USER_PATHS = NO;
				ARCHS = arm64;
				COMBINE_HIDPI_IMAGES = YES;
				GCC_GENERATE_DEBUGGING_SYMBOLS = YES;
				GCC_INLINES_ARE_PRIVATE_EXTERN = NO;
				GCC_OPTIMIZATION_LEVEL = 0;
				GCC_PREPROCESSOR_DEFINITIONS = ("'CMAKE_INTDIR=\"$(CONFIGURATION)$(EFFECTIVE_PLATFORM_NAME)\"'","$(inherited)");
				GCC_SYMBOLS_PRIVATE_EXTERN = NO;
				INSTALL_PATH = "";
				ONLY_ACTIVE_ARCH = NO;
				OTHER_LDFLAGS = ("","$(inherited)");
				OTHER_REZFLAGS = "";
				PRODUCT_NAME = ZERO_CHECK;
				SECTORDER_FLAGS = "";
				USE_HEADERMAP = NO;
				WARNING_CFLAGS = ("$(inherited)");
			};
			name = Release;
		};
		8986777879284D119EE580C4 /* RelWithDebInfo */ = {
			isa = XCBuildConfiguration;
			buildSettings = {
				ALWAYS_SEARCH_USER_PATHS = NO;
				ARCHS = arm64;
				COMBINE_HIDPI_IMAGES = YES;
				GCC_GENERATE_DEBUGGING_SYMBOLS = YES;
				GCC_INLINES_ARE_PRIVATE_EXTERN = NO;
				GCC_OPTIMIZATION_LEVEL = 0;
				GCC_PREPROCESSOR_DEFINITIONS = ("'CMAKE_INTDIR=\"$(CONFIGURATION)$(EFFECTIVE_PLATFORM_NAME)\"'","$(inherited)");
				GCC_SYMBOLS_PRIVATE_EXTERN = NO;
				INSTALL_PATH = "";
				ONLY_ACTIVE_ARCH = NO;
				OTHER_LDFLAGS = ("","$(inherited)");
				OTHER_REZFLAGS = "";
				PRODUCT_NAME = ZERO_CHECK;
				SECTORDER_FLAGS = "";
				USE_HEADERMAP = NO;
				WARNING_CFLAGS = ("$(inherited)");
			};
			name = RelWithDebInfo;
		};
		8AFAAC9E123549F8BBEECF16 /* Release */ = {
			isa = XCBuildConfiguration;
			buildSettings = {
				ALWAYS_SEARCH_USER_PATHS = NO;
				ARCHS = arm64;
				COMBINE_HIDPI_IMAGES = YES;
				CONFIGURATION_BUILD_DIR = /Users/airat/Projects/shootEmUp/Engine/Render/Release;
				EXECUTABLE_PREFIX = lib;
				EXECUTABLE_SUFFIX = .a;
				GCC_GENERATE_DEBUGGING_SYMBOLS = NO;
				GCC_INLINES_ARE_PRIVATE_EXTERN = NO;
				GCC_OPTIMIZATION_LEVEL = 3;
				GCC_PREPROCESSOR_DEFINITIONS = ("'CMAKE_INTDIR=\"$(CONFIGURATION)$(EFFECTIVE_PLATFORM_NAME)\"'","$(inherited)");
				GCC_SYMBOLS_PRIVATE_EXTERN = NO;
				HEADER_SEARCH_PATHS = (/Users/airat/Projects/shootEmUp/shootEmUp,/opt/homebrew/Cellar/sdl2/2.28.5/include,/opt/homebrew/Cellar/sdl2/2.28.5/include/SDL2,/opt/homebrew/include,/Users/airat/Projects/shootEmUp/include,/Users/airat/Projects/shootEmUp/Engine,/Users/airat/Projects/shootEmUp/Engine/Render/..,/Users/airat/Projects/shootEmUp/Engine/Render/.,/Users/airat/Projects/shootEmUp/Engine/Render/../Shared,"$(inherited)");
				INSTALL_PATH = "";
				LIBRARY_STYLE = STATIC;
				ONLY_ACTIVE_ARCH = NO;
				OTHER_CPLUSPLUSFLAGS = "    -DNDEBUG '-std=gnu++17' ";
				OTHER_LIBTOOLFLAGS = ("");
				OTHER_REZFLAGS = "";
				PRODUCT_NAME = Render;
				SECTORDER_FLAGS = "";
				TARGET_TEMP_DIR = "/Users/airat/Projects/shootEmUp/build/Render.build/$(CONFIGURATION)$(EFFECTIVE_PLATFORM_NAME)";
				USE_HEADERMAP = NO;
				WARNING_CFLAGS = ("$(inherited)");
			};
			name = Release;
		};
		B5E3B544BE184216B940697E /* Release */ = {
			isa = XCBuildConfiguration;
			buildSettings = {
				ALWAYS_SEARCH_USER_PATHS = NO;
				ARCHS = arm64;
				COMBINE_HIDPI_IMAGES = YES;
				GCC_GENERATE_DEBUGGING_SYMBOLS = YES;
				GCC_INLINES_ARE_PRIVATE_EXTERN = NO;
				GCC_OPTIMIZATION_LEVEL = 0;
				GCC_PREPROCESSOR_DEFINITIONS = ("'CMAKE_INTDIR=\"$(CONFIGURATION)$(EFFECTIVE_PLATFORM_NAME)\"'","$(inherited)");
				GCC_SYMBOLS_PRIVATE_EXTERN = NO;
				INSTALL_PATH = "";
				ONLY_ACTIVE_ARCH = NO;
				OTHER_LDFLAGS = ("","$(inherited)");
				OTHER_REZFLAGS = "";
				PRODUCT_NAME = ALL_BUILD;
				SECTORDER_FLAGS = "";
				USE_HEADERMAP = NO;
				WARNING_CFLAGS = ("$(inherited)");
			};
			name = Release;
		};
		C9B8259B37E74C9780AF9DC7 /* MinSizeRel */ = {
			isa = XCBuildConfiguration;
			buildSettings = {
				ALWAYS_SEARCH_USER_PATHS = NO;
				ARCHS = arm64;
				COMBINE_HIDPI_IMAGES = YES;
				GCC_GENERATE_DEBUGGING_SYMBOLS = YES;
				GCC_INLINES_ARE_PRIVATE_EXTERN = NO;
				GCC_OPTIMIZATION_LEVEL = 0;
				GCC_PREPROCESSOR_DEFINITIONS = ("'CMAKE_INTDIR=\"$(CONFIGURATION)$(EFFECTIVE_PLATFORM_NAME)\"'","$(inherited)");
				GCC_SYMBOLS_PRIVATE_EXTERN = NO;
				INSTALL_PATH = "";
				ONLY_ACTIVE_ARCH = NO;
				OTHER_LDFLAGS = ("","$(inherited)");
				OTHER_REZFLAGS = "";
				PRODUCT_NAME = ALL_BUILD;
				SECTORDER_FLAGS = "";
				USE_HEADERMAP = NO;
				WARNING_CFLAGS = ("$(inherited)");
			};
			name = MinSizeRel;
		};
		CBF1E7D6B04D4D3BBBC01FB7 /* Release */ = {
			isa = XCBuildConfiguration;
			buildSettings = {
				ARCHS = arm64;
				SDKROOT = /Applications/Xcode.app/Contents/Developer/Platforms/MacOSX.platform/Developer/SDKs/MacOSX14.0.sdk;
				SWIFT_COMPILATION_MODE = wholemodule;
				SYMROOT = /Users/airat/Projects/shootEmUp/build;
			};
			name = Release;
		};
		DB9E2B7B5A814F239E4C69ED /* RelWithDebInfo */ = {
			isa = XCBuildConfiguration;
			buildSettings = {
				ARCHS = arm64;
				SDKROOT = /Applications/Xcode.app/Contents/Developer/Platforms/MacOSX.platform/Developer/SDKs/MacOSX14.0.sdk;
				SWIFT_COMPILATION_MODE = wholemodule;
				SYMROOT = /Users/airat/Projects/shootEmUp/build;
			};
			name = RelWithDebInfo;
		};
		E040BE0866194026A8D9F987 /* Debug */ = {
			isa = XCBuildConfiguration;
			buildSettings = {
				ALWAYS_SEARCH_USER_PATHS = NO;
				ARCHS = arm64;
				COMBINE_HIDPI_IMAGES = YES;
				GCC_GENERATE_DEBUGGING_SYMBOLS = YES;
				GCC_INLINES_ARE_PRIVATE_EXTERN = NO;
				GCC_OPTIMIZATION_LEVEL = 0;
				GCC_PREPROCESSOR_DEFINITIONS = ("'CMAKE_INTDIR=\"$(CONFIGURATION)$(EFFECTIVE_PLATFORM_NAME)\"'","$(inherited)");
				GCC_SYMBOLS_PRIVATE_EXTERN = NO;
				INSTALL_PATH = "";
				ONLY_ACTIVE_ARCH = NO;
				OTHER_LDFLAGS = ("","$(inherited)");
				OTHER_REZFLAGS = "";
				PRODUCT_NAME = ALL_BUILD;
				SECTORDER_FLAGS = "";
				USE_HEADERMAP = NO;
				WARNING_CFLAGS = ("$(inherited)");
			};
			name = Debug;
		};
		E9A378AF82514709B820ED2F /* MinSizeRel */ = {
			isa = XCBuildConfiguration;
			buildSettings = {
				ARCHS = arm64;
				SDKROOT = /Applications/Xcode.app/Contents/Developer/Platforms/MacOSX.platform/Developer/SDKs/MacOSX14.0.sdk;
				SWIFT_COMPILATION_MODE = wholemodule;
				SYMROOT = /Users/airat/Projects/shootEmUp/build;
			};
			name = MinSizeRel;
		};
		FD9B3C297CE54F23A9C878C8 /* Debug */ = {
			isa = XCBuildConfiguration;
			buildSettings = {
				ALWAYS_SEARCH_USER_PATHS = NO;
				ARCHS = arm64;
				COMBINE_HIDPI_IMAGES = YES;
				GCC_GENERATE_DEBUGGING_SYMBOLS = YES;
				GCC_INLINES_ARE_PRIVATE_EXTERN = NO;
				GCC_OPTIMIZATION_LEVEL = 0;
				GCC_PREPROCESSOR_DEFINITIONS = ("'CMAKE_INTDIR=\"$(CONFIGURATION)$(EFFECTIVE_PLATFORM_NAME)\"'","$(inherited)");
				GCC_SYMBOLS_PRIVATE_EXTERN = NO;
				INSTALL_PATH = "";
				ONLY_ACTIVE_ARCH = NO;
				OTHER_LDFLAGS = ("","$(inherited)");
				OTHER_REZFLAGS = "";
				PRODUCT_NAME = ZERO_CHECK;
				SECTORDER_FLAGS = "";
				USE_HEADERMAP = NO;
				WARNING_CFLAGS = ("$(inherited)");
			};
			name = Debug;
		};
/* End XCBuildConfiguration section */

/* Begin XCConfigurationList section */
		0DC716BBFEC14390B0B0FC20 /* Build configuration list for PBXProject "Render" */ = {
			isa = XCConfigurationList;
			buildConfigurations = (
				4D190EFAE4B74D6FB15FC143 /* Debug */,
				CBF1E7D6B04D4D3BBBC01FB7 /* Release */,
				E9A378AF82514709B820ED2F /* MinSizeRel */,
				DB9E2B7B5A814F239E4C69ED /* RelWithDebInfo */,
			);
			defaultConfigurationIsVisible = 0;
			defaultConfigurationName = Debug;
		};
		2BC6634819824E358FF92B7C /* Build configuration list for PBXNativeTarget "Render" */ = {
			isa = XCConfigurationList;
			buildConfigurations = (
				1C55CA8901B14488B41F3D86 /* Debug */,
				8AFAAC9E123549F8BBEECF16 /* Release */,
				47161F9BBDDE4750B5F604E0 /* MinSizeRel */,
				1CB50F907B214918A3244745 /* RelWithDebInfo */,
			);
			defaultConfigurationIsVisible = 0;
			defaultConfigurationName = Debug;
		};
		52398BD1932D483DB4D2C619 /* Build configuration list for PBXAggregateTarget "ALL_BUILD" */ = {
			isa = XCConfigurationList;
			buildConfigurations = (
				E040BE0866194026A8D9F987 /* Debug */,
				B5E3B544BE184216B940697E /* Release */,
				C9B8259B37E74C9780AF9DC7 /* MinSizeRel */,
				32328250A2D3404EA5655B90 /* RelWithDebInfo */,
			);
			defaultConfigurationIsVisible = 0;
			defaultConfigurationName = Debug;
		};
		FD08B64B91FD4ED384E1E24F /* Build configuration list for PBXAggregateTarget "ZERO_CHECK" */ = {
			isa = XCConfigurationList;
			buildConfigurations = (
				FD9B3C297CE54F23A9C878C8 /* Debug */,
				6B388BF6EA5F470EA0FA742E /* Release */,
				1739D90745E34B079E8A0180 /* MinSizeRel */,
				8986777879284D119EE580C4 /* RelWithDebInfo */,
			);
			defaultConfigurationIsVisible = 0;
			defaultConfigurationName = Debug;
		};
/* End XCConfigurationList section */
	};
	rootObject = 1C638FF1C664472AAF4145CA /* Project object */;
}
