// !$*UTF8*$!
{
	archiveVersion = 1;
	classes = {
	};
	objectVersion = 46;
	objects = {

/* Begin PBXAggregateTarget section */
		3C2722D7751840A5BEC9CD31 /* ALL_BUILD */ = {
			isa = PBXAggregateTarget;
			buildConfigurationList = DBD7A7630C594D3AB7ED70C0 /* Build configuration list for PBXAggregateTarget "ALL_BUILD" */;
			buildPhases = (
				C1A42460B0935672D10813C4 /* Generate CMakeFiles/ALL_BUILD */,
			);
			dependencies = (
				A854A6E8A69241EC82D278DF /* PBXTargetDependency */,
				32D86ADA2ABF4FC79513A677 /* PBXTargetDependency */,
			);
			name = ALL_BUILD;
			productName = ALL_BUILD;
		};
		F795513A583E456282E4350A /* ZERO_CHECK */ = {
			isa = PBXAggregateTarget;
			buildConfigurationList = 00AB84BDEB4B4D8CADA885B1 /* Build configuration list for PBXAggregateTarget "ZERO_CHECK" */;
			buildPhases = (
				2A6213CDF2F2185E76AB6DA0 /* Generate CMakeFiles/ZERO_CHECK */,
			);
			dependencies = (
			);
			name = ZERO_CHECK;
			productName = ZERO_CHECK;
		};
/* End PBXAggregateTarget section */

/* Begin PBXBuildFile section */
		095A39174D0645638E4DA5AF /* /Users/airat/Projects/shootEmUp/Engine/Asset/Material/IMaterial.cpp */ = {isa = PBXBuildFile; fileRef = 5C4E291CB1C9467D810A4EF8 /* /Users/airat/Projects/shootEmUp/Engine/Asset/Material/IMaterial.cpp */; };
		0FC2B274118B456CAFC70502 /* /Users/airat/Projects/shootEmUp/Engine/Asset/CMakeLists.txt */ = {isa = PBXBuildFile; fileRef = 5750BDD0E4DC4FB689EB299E /* /Users/airat/Projects/shootEmUp/Engine/Asset/CMakeLists.txt */; };
		14BFECED99234B1481407803 /* /Users/airat/Projects/shootEmUp/Engine/Asset/Mesh/IVertex.h */ = {isa = PBXBuildFile; fileRef = D925D9B7B8A6414584DA982A /* /Users/airat/Projects/shootEmUp/Engine/Asset/Mesh/IVertex.h */; };
		186FB16D225F4186B1746810 /* /Users/airat/Projects/shootEmUp/Engine/Asset/Mesh/RenderQueue.h */ = {isa = PBXBuildFile; fileRef = 2CCFD620E76B49C796D16EC3 /* /Users/airat/Projects/shootEmUp/Engine/Asset/Mesh/RenderQueue.h */; };
		1F0BD2208B714977A2EACF12 /* /Users/airat/Projects/shootEmUp/Engine/Asset/Image/IImage.cpp */ = {isa = PBXBuildFile; fileRef = 8460877AE3ED44328AA34DCE /* /Users/airat/Projects/shootEmUp/Engine/Asset/Image/IImage.cpp */; };
		325651416F634BF698E21743 /* /Users/airat/Projects/shootEmUp/Engine/Asset/Mesh/VertexAttributeInfo.h */ = {isa = PBXBuildFile; fileRef = 10929F57C9D1401E92E54C3F /* /Users/airat/Projects/shootEmUp/Engine/Asset/Mesh/VertexAttributeInfo.h */; };
		38D2BA65A2E746C6B40981FC /* /Users/airat/Projects/shootEmUp/Engine/Asset/Mesh/Format.h */ = {isa = PBXBuildFile; fileRef = 1930BF9A46274F14B75CB992 /* /Users/airat/Projects/shootEmUp/Engine/Asset/Mesh/Format.h */; };
		64AC1B9F54C44B13A5F47687 /* /Users/airat/Projects/shootEmUp/Engine/Asset/Material/IShader.h */ = {isa = PBXBuildFile; fileRef = FF933AE9295A4103B0CA6172 /* /Users/airat/Projects/shootEmUp/Engine/Asset/Material/IShader.h */; };
		766F740AE9B74D76BDD82C37 /* /Users/airat/Projects/shootEmUp/Engine/Asset/Material/IMaterial.h */ = {isa = PBXBuildFile; fileRef = 18B94716F3DB4B9E9FB89F8C /* /Users/airat/Projects/shootEmUp/Engine/Asset/Material/IMaterial.h */; };
		81EC1180CB904A589766F6B2 /* /Users/airat/Projects/shootEmUp/Engine/Asset/Image/IImage.h */ = {isa = PBXBuildFile; fileRef = BE3DEFDB5C3C48FB8D14F94E /* /Users/airat/Projects/shootEmUp/Engine/Asset/Image/IImage.h */; };
		8C7EA0AF51B34F2BBF9965EA /* /Users/airat/Projects/shootEmUp/Engine/Asset/Image/StageFlag.h */ = {isa = PBXBuildFile; fileRef = 28982865CD8040A0B87D76C2 /* /Users/airat/Projects/shootEmUp/Engine/Asset/Image/StageFlag.h */; };
		AC994F839D9B42139ACF4BC3 /* /Users/airat/Projects/shootEmUp/Engine/Asset/Mesh/IMesh.h */ = {isa = PBXBuildFile; fileRef = DE510933B88C4ECDA0810878 /* /Users/airat/Projects/shootEmUp/Engine/Asset/Mesh/IMesh.h */; };
		B88F4C3D760C449782AE0ABE /* /Users/airat/Projects/shootEmUp/Engine/Asset/Mesh/VertexBindingInfo.h */ = {isa = PBXBuildFile; fileRef = 1104DE129F604FE28F2AD0CB /* /Users/airat/Projects/shootEmUp/Engine/Asset/Mesh/VertexBindingInfo.h */; };
		BD557ADCB7A649829EDCF21C /* /Users/airat/Projects/shootEmUp/Engine/Asset/Image/ImageFlags.h */ = {isa = PBXBuildFile; fileRef = E6B31D2DCC234922881CBA87 /* /Users/airat/Projects/shootEmUp/Engine/Asset/Image/ImageFlags.h */; };
		BDF232C3246249DFB1D69FBF /* /Users/airat/Projects/shootEmUp/Engine/Asset/Mesh/Mesh.h */ = {isa = PBXBuildFile; fileRef = EEE26E6234914B64BEE438A2 /* /Users/airat/Projects/shootEmUp/Engine/Asset/Mesh/Mesh.h */; };
		C8138791A9C84294A9BDAE52 /* /Users/airat/Projects/shootEmUp/Engine/Asset/Mesh/BaseVertex.h */ = {isa = PBXBuildFile; fileRef = 56152FF9B94941D8B6E8F4EB /* /Users/airat/Projects/shootEmUp/Engine/Asset/Mesh/BaseVertex.h */; };
/* End PBXBuildFile section */

/* Begin PBXBuildStyle section */
		0646A5E5835E4669A9BC8595 /* Release */ = {
			isa = PBXBuildStyle;
			buildSettings = {
				COPY_PHASE_STRIP = NO;
			};
			name = Release;
		};
		5A15E81D3CC349C9BE0E0474 /* MinSizeRel */ = {
			isa = PBXBuildStyle;
			buildSettings = {
				COPY_PHASE_STRIP = NO;
			};
			name = MinSizeRel;
		};
		A51EED51E97B4E9698FE8A72 /* Debug */ = {
			isa = PBXBuildStyle;
			buildSettings = {
				COPY_PHASE_STRIP = NO;
			};
			name = Debug;
		};
		B866288C1F0D4BB792ECBADD /* RelWithDebInfo */ = {
			isa = PBXBuildStyle;
			buildSettings = {
				COPY_PHASE_STRIP = NO;
			};
			name = RelWithDebInfo;
		};
/* End PBXBuildStyle section */

/* Begin PBXContainerItemProxy section */
		2CEFB344A2C04DC08A1EBE92 /* PBXContainerItemProxy */ = {
			isa = PBXContainerItemProxy;
			containerPortal = 0E086B278F96415B84CE4488 /* Project object */;
			proxyType = 1;
			remoteGlobalIDString = F795513A583E456282E4350A;
			remoteInfo = ZERO_CHECK;
		};
		B144945A58F7497DB6B72DC2 /* PBXContainerItemProxy */ = {
			isa = PBXContainerItemProxy;
			containerPortal = 0E086B278F96415B84CE4488 /* Project object */;
			proxyType = 1;
			remoteGlobalIDString = F795513A583E456282E4350A;
			remoteInfo = ZERO_CHECK;
		};
		DE53401BE7A74C1D936047EA /* PBXContainerItemProxy */ = {
			isa = PBXContainerItemProxy;
			containerPortal = 0E086B278F96415B84CE4488 /* Project object */;
			proxyType = 1;
			remoteGlobalIDString = 2BE41C3BB6AF4DC197DFE8C9;
			remoteInfo = Asset;
		};
/* End PBXContainerItemProxy section */

/* Begin PBXFileReference section */
		00A3C018343042FAA72114F9 /* /Users/airat/Projects/shootEmUp/Engine/Asset/CMakeLists.txt */ = {isa = PBXFileReference; explicitFileType = sourcecode.text; fileEncoding = 4; name = CMakeLists.txt; path = CMakeLists.txt; sourceTree = SOURCE_ROOT; };
		10929F57C9D1401E92E54C3F /* /Users/airat/Projects/shootEmUp/Engine/Asset/Mesh/VertexAttributeInfo.h */ = {isa = PBXFileReference; explicitFileType = sourcecode.c.h; fileEncoding = 4; name = VertexAttributeInfo.h; path = Mesh/VertexAttributeInfo.h; sourceTree = SOURCE_ROOT; };
		1104DE129F604FE28F2AD0CB /* /Users/airat/Projects/shootEmUp/Engine/Asset/Mesh/VertexBindingInfo.h */ = {isa = PBXFileReference; explicitFileType = sourcecode.c.h; fileEncoding = 4; name = VertexBindingInfo.h; path = Mesh/VertexBindingInfo.h; sourceTree = SOURCE_ROOT; };
		18B94716F3DB4B9E9FB89F8C /* /Users/airat/Projects/shootEmUp/Engine/Asset/Material/IMaterial.h */ = {isa = PBXFileReference; explicitFileType = sourcecode.c.h; fileEncoding = 4; name = IMaterial.h; path = Material/IMaterial.h; sourceTree = SOURCE_ROOT; };
		1930BF9A46274F14B75CB992 /* /Users/airat/Projects/shootEmUp/Engine/Asset/Mesh/Format.h */ = {isa = PBXFileReference; explicitFileType = sourcecode.c.h; fileEncoding = 4; name = Format.h; path = Mesh/Format.h; sourceTree = SOURCE_ROOT; };
		28982865CD8040A0B87D76C2 /* /Users/airat/Projects/shootEmUp/Engine/Asset/Image/StageFlag.h */ = {isa = PBXFileReference; explicitFileType = sourcecode.c.h; fileEncoding = 4; name = StageFlag.h; path = Image/StageFlag.h; sourceTree = SOURCE_ROOT; };
		2CCFD620E76B49C796D16EC3 /* /Users/airat/Projects/shootEmUp/Engine/Asset/Mesh/RenderQueue.h */ = {isa = PBXFileReference; explicitFileType = sourcecode.c.h; fileEncoding = 4; name = RenderQueue.h; path = Mesh/RenderQueue.h; sourceTree = SOURCE_ROOT; };
		56152FF9B94941D8B6E8F4EB /* /Users/airat/Projects/shootEmUp/Engine/Asset/Mesh/BaseVertex.h */ = {isa = PBXFileReference; explicitFileType = sourcecode.c.h; fileEncoding = 4; name = BaseVertex.h; path = Mesh/BaseVertex.h; sourceTree = SOURCE_ROOT; };
		5750BDD0E4DC4FB689EB299E /* /Users/airat/Projects/shootEmUp/Engine/Asset/CMakeLists.txt */ = {isa = PBXFileReference; explicitFileType = sourcecode.text; fileEncoding = 4; name = CMakeLists.txt; path = CMakeLists.txt; sourceTree = SOURCE_ROOT; };
		5C4E291CB1C9467D810A4EF8 /* /Users/airat/Projects/shootEmUp/Engine/Asset/Material/IMaterial.cpp */ = {isa = PBXFileReference; explicitFileType = sourcecode.cpp.cpp; fileEncoding = 4; name = IMaterial.cpp; path = Material/IMaterial.cpp; sourceTree = SOURCE_ROOT; };
		8460877AE3ED44328AA34DCE /* /Users/airat/Projects/shootEmUp/Engine/Asset/Image/IImage.cpp */ = {isa = PBXFileReference; explicitFileType = sourcecode.cpp.cpp; fileEncoding = 4; name = IImage.cpp; path = Image/IImage.cpp; sourceTree = SOURCE_ROOT; };
		B695D273277748629D0A723D /* Asset */ = {isa = PBXFileReference; explicitFileType = archive.ar; path = libAsset.a; sourceTree = BUILT_PRODUCTS_DIR; };
		BE3DEFDB5C3C48FB8D14F94E /* /Users/airat/Projects/shootEmUp/Engine/Asset/Image/IImage.h */ = {isa = PBXFileReference; explicitFileType = sourcecode.c.h; fileEncoding = 4; name = IImage.h; path = Image/IImage.h; sourceTree = SOURCE_ROOT; };
		D925D9B7B8A6414584DA982A /* /Users/airat/Projects/shootEmUp/Engine/Asset/Mesh/IVertex.h */ = {isa = PBXFileReference; explicitFileType = sourcecode.c.h; fileEncoding = 4; name = IVertex.h; path = Mesh/IVertex.h; sourceTree = SOURCE_ROOT; };
		DE510933B88C4ECDA0810878 /* /Users/airat/Projects/shootEmUp/Engine/Asset/Mesh/IMesh.h */ = {isa = PBXFileReference; explicitFileType = sourcecode.c.h; fileEncoding = 4; name = IMesh.h; path = Mesh/IMesh.h; sourceTree = SOURCE_ROOT; };
		E6B31D2DCC234922881CBA87 /* /Users/airat/Projects/shootEmUp/Engine/Asset/Image/ImageFlags.h */ = {isa = PBXFileReference; explicitFileType = sourcecode.c.h; fileEncoding = 4; name = ImageFlags.h; path = Image/ImageFlags.h; sourceTree = SOURCE_ROOT; };
		EEE26E6234914B64BEE438A2 /* /Users/airat/Projects/shootEmUp/Engine/Asset/Mesh/Mesh.h */ = {isa = PBXFileReference; explicitFileType = sourcecode.c.h; fileEncoding = 4; name = Mesh.h; path = Mesh/Mesh.h; sourceTree = SOURCE_ROOT; };
		FF933AE9295A4103B0CA6172 /* /Users/airat/Projects/shootEmUp/Engine/Asset/Material/IShader.h */ = {isa = PBXFileReference; explicitFileType = sourcecode.c.h; fileEncoding = 4; name = IShader.h; path = Material/IShader.h; sourceTree = SOURCE_ROOT; };
/* End PBXFileReference section */

/* Begin PBXFrameworksBuildPhase section */
		0A1250B1FAE349C19D740ACB /* Frameworks */ = {
			isa = PBXFrameworksBuildPhase;
			buildActionMask = 2147483647;
			files = (
			);
			runOnlyForDeploymentPostprocessing = 0;
		};
/* End PBXFrameworksBuildPhase section */

/* Begin PBXGroup section */
		1B6513B2F8B94CD88821ACF4 /* CMake Rules */ = {
			isa = PBXGroup;
			children = (
			);
			name = "CMake Rules";
			sourceTree = "<group>";
		};
		5B0F203702FB40B7A22A1BB5 /* ALL_BUILD */ = {
			isa = PBXGroup;
			children = (
				1B6513B2F8B94CD88821ACF4 /* CMake Rules */,
				00A3C018343042FAA72114F9 /* /Users/airat/Projects/shootEmUp/Engine/Asset/CMakeLists.txt */,
			);
			name = ALL_BUILD;
			sourceTree = "<group>";
		};
		89900B22B0164837B7FB012F /* Products */ = {
			isa = PBXGroup;
			children = (
				B695D273277748629D0A723D /* Asset */,
			);
			name = Products;
			sourceTree = "<group>";
		};
		AC629743B2FA4C53955BDDD6 /* Frameworks */ = {
			isa = PBXGroup;
			children = (
			);
			name = Frameworks;
			sourceTree = "<group>";
		};
		B09902FD26944FD8AFC6AC7C = {
			isa = PBXGroup;
			children = (
				B7C6341E24784F4082317ABE /* Asset */,
				5B0F203702FB40B7A22A1BB5 /* ALL_BUILD */,
				89900B22B0164837B7FB012F /* Products */,
				AC629743B2FA4C53955BDDD6 /* Frameworks */,
			);
			sourceTree = "<group>";
		};
		B7C6341E24784F4082317ABE /* Asset */ = {
			isa = PBXGroup;
			children = (
				F9D4EB23BA1847279D42D038 /* Source Files */,
				C63C3E4B4A7C43F5BD1BB890 /* Header Files */,
				5750BDD0E4DC4FB689EB299E /* /Users/airat/Projects/shootEmUp/Engine/Asset/CMakeLists.txt */,
			);
			name = Asset;
			sourceTree = "<group>";
		};
		C63C3E4B4A7C43F5BD1BB890 /* Header Files */ = {
			isa = PBXGroup;
			children = (
				BE3DEFDB5C3C48FB8D14F94E /* /Users/airat/Projects/shootEmUp/Engine/Asset/Image/IImage.h */,
				E6B31D2DCC234922881CBA87 /* /Users/airat/Projects/shootEmUp/Engine/Asset/Image/ImageFlags.h */,
				28982865CD8040A0B87D76C2 /* /Users/airat/Projects/shootEmUp/Engine/Asset/Image/StageFlag.h */,
				18B94716F3DB4B9E9FB89F8C /* /Users/airat/Projects/shootEmUp/Engine/Asset/Material/IMaterial.h */,
				FF933AE9295A4103B0CA6172 /* /Users/airat/Projects/shootEmUp/Engine/Asset/Material/IShader.h */,
				56152FF9B94941D8B6E8F4EB /* /Users/airat/Projects/shootEmUp/Engine/Asset/Mesh/BaseVertex.h */,
				1930BF9A46274F14B75CB992 /* /Users/airat/Projects/shootEmUp/Engine/Asset/Mesh/Format.h */,
				DE510933B88C4ECDA0810878 /* /Users/airat/Projects/shootEmUp/Engine/Asset/Mesh/IMesh.h */,
				D925D9B7B8A6414584DA982A /* /Users/airat/Projects/shootEmUp/Engine/Asset/Mesh/IVertex.h */,
				EEE26E6234914B64BEE438A2 /* /Users/airat/Projects/shootEmUp/Engine/Asset/Mesh/Mesh.h */,
				2CCFD620E76B49C796D16EC3 /* /Users/airat/Projects/shootEmUp/Engine/Asset/Mesh/RenderQueue.h */,
				10929F57C9D1401E92E54C3F /* /Users/airat/Projects/shootEmUp/Engine/Asset/Mesh/VertexAttributeInfo.h */,
				1104DE129F604FE28F2AD0CB /* /Users/airat/Projects/shootEmUp/Engine/Asset/Mesh/VertexBindingInfo.h */,
			);
			name = "Header Files";
			sourceTree = "<group>";
		};
		F9D4EB23BA1847279D42D038 /* Source Files */ = {
			isa = PBXGroup;
			children = (
				8460877AE3ED44328AA34DCE /* /Users/airat/Projects/shootEmUp/Engine/Asset/Image/IImage.cpp */,
				5C4E291CB1C9467D810A4EF8 /* /Users/airat/Projects/shootEmUp/Engine/Asset/Material/IMaterial.cpp */,
			);
			name = "Source Files";
			sourceTree = "<group>";
		};
/* End PBXGroup section */

/* Begin PBXNativeTarget section */
		2BE41C3BB6AF4DC197DFE8C9 /* Asset */ = {
			isa = PBXNativeTarget;
			buildConfigurationList = 5CF822BD17FE4A8695B5B4FF /* Build configuration list for PBXNativeTarget "Asset" */;
			buildPhases = (
				3AB205B85FAE4DA68A5E2CA3 /* Sources */,
				0A1250B1FAE349C19D740ACB /* Frameworks */,
			);
			buildRules = (
			);
			dependencies = (
				AD762C73425F4400A96E5F7D /* PBXTargetDependency */,
			);
			name = Asset;
			productName = Asset;
			productReference = B695D273277748629D0A723D /* Asset */;
			productType = "com.apple.product-type.library.static";
		};
/* End PBXNativeTarget section */

/* Begin PBXProject section */
		0E086B278F96415B84CE4488 /* Project object */ = {
			isa = PBXProject;
			attributes = {
				BuildIndependentTargetsInParallel = YES;
				LastUpgradeCheck = 1500;
			};
			buildConfigurationList = 67D0B23D7BDF4BF09C36C9A1 /* Build configuration list for PBXProject "Asset" */;
			buildSettings = {
			};
			buildStyles = (
				A51EED51E97B4E9698FE8A72 /* Debug */,
				0646A5E5835E4669A9BC8595 /* Release */,
				5A15E81D3CC349C9BE0E0474 /* MinSizeRel */,
				B866288C1F0D4BB792ECBADD /* RelWithDebInfo */,
			);
			compatibilityVersion = "Xcode 3.2";
			hasScannedForEncodings = 0;
			mainGroup = B09902FD26944FD8AFC6AC7C;
			projectDirPath = .;
			projectRoot = "";
			targets = (
				3C2722D7751840A5BEC9CD31 /* ALL_BUILD */,
				2BE41C3BB6AF4DC197DFE8C9 /* Asset */,
				F795513A583E456282E4350A /* ZERO_CHECK */,
			);
		};
/* End PBXProject section */

/* Begin PBXShellScriptBuildPhase section */
		2A6213CDF2F2185E76AB6DA0 /* Generate CMakeFiles/ZERO_CHECK */ = {
			isa = PBXShellScriptBuildPhase;
			alwaysOutOfDate = 1;
			buildActionMask = 2147483647;
			files = (
			);
			inputPaths = (
			);
			name = "Generate CMakeFiles/ZERO_CHECK";
			outputPaths = (
/Users/airat/Projects/shootEmUp/Engine/Asset/CMakeFiles/ZERO_CHECK			);
			runOnlyForDeploymentPostprocessing = 0;
			shellPath = /bin/sh;
			shellScript = "set -e
if test \"$CONFIGURATION\" = \"Debug\"; then :
  cd /Users/airat/Projects/shootEmUp/Engine/Asset
  make -f /Users/airat/Projects/shootEmUp/Engine/Asset/CMakeScripts/ReRunCMake.make
fi
if test \"$CONFIGURATION\" = \"Release\"; then :
  cd /Users/airat/Projects/shootEmUp/Engine/Asset
  make -f /Users/airat/Projects/shootEmUp/Engine/Asset/CMakeScripts/ReRunCMake.make
fi
if test \"$CONFIGURATION\" = \"MinSizeRel\"; then :
  cd /Users/airat/Projects/shootEmUp/Engine/Asset
  make -f /Users/airat/Projects/shootEmUp/Engine/Asset/CMakeScripts/ReRunCMake.make
fi
if test \"$CONFIGURATION\" = \"RelWithDebInfo\"; then :
  cd /Users/airat/Projects/shootEmUp/Engine/Asset
  make -f /Users/airat/Projects/shootEmUp/Engine/Asset/CMakeScripts/ReRunCMake.make
fi
";
			showEnvVarsInLog = 0;
		};
		3C0110FC8322DE7E50886E21 = {
			isa = PBXShellScriptBuildPhase;
			buildActionMask = 2147483647;
			files = (
			);
			inputPaths = (
			);
			outputPaths = (
			);
			runOnlyForDeploymentPostprocessing = 0;
			shellPath = /bin/sh;
			shellScript = "# shell script goes here
exit 0";
			showEnvVarsInLog = 0;
		};
		9B50530E35CC49C82C2FACCF = {
			isa = PBXShellScriptBuildPhase;
			buildActionMask = 2147483647;
			files = (
			);
			inputPaths = (
			);
			outputPaths = (
			);
			runOnlyForDeploymentPostprocessing = 0;
			shellPath = /bin/sh;
			shellScript = "# shell script goes here
exit 0";
			showEnvVarsInLog = 0;
		};
		C1A42460B0935672D10813C4 /* Generate CMakeFiles/ALL_BUILD */ = {
			isa = PBXShellScriptBuildPhase;
			alwaysOutOfDate = 1;
			buildActionMask = 2147483647;
			files = (
			);
			inputPaths = (
			);
			name = "Generate CMakeFiles/ALL_BUILD";
			outputPaths = (
/Users/airat/Projects/shootEmUp/Engine/Asset/CMakeFiles/ALL_BUILD			);
			runOnlyForDeploymentPostprocessing = 0;
			shellPath = /bin/sh;
			shellScript = "set -e
if test \"$CONFIGURATION\" = \"Debug\"; then :
  cd /Users/airat/Projects/shootEmUp/Engine/Asset
  echo Build\\ all\\ projects
fi
if test \"$CONFIGURATION\" = \"Release\"; then :
  cd /Users/airat/Projects/shootEmUp/Engine/Asset
  echo Build\\ all\\ projects
fi
if test \"$CONFIGURATION\" = \"MinSizeRel\"; then :
  cd /Users/airat/Projects/shootEmUp/Engine/Asset
  echo Build\\ all\\ projects
fi
if test \"$CONFIGURATION\" = \"RelWithDebInfo\"; then :
  cd /Users/airat/Projects/shootEmUp/Engine/Asset
  echo Build\\ all\\ projects
fi
";
			showEnvVarsInLog = 0;
		};
/* End PBXShellScriptBuildPhase section */

/* Begin PBXSourcesBuildPhase section */
		3AB205B85FAE4DA68A5E2CA3 /* Sources */ = {
			isa = PBXSourcesBuildPhase;
			buildActionMask = 2147483647;
			files = (
				1F0BD2208B714977A2EACF12 /* /Users/airat/Projects/shootEmUp/Engine/Asset/Image/IImage.cpp */,
				095A39174D0645638E4DA5AF /* /Users/airat/Projects/shootEmUp/Engine/Asset/Material/IMaterial.cpp */,
			);
			runOnlyForDeploymentPostprocessing = 0;
		};
/* End PBXSourcesBuildPhase section */

/* Begin PBXTargetDependency section */
		32D86ADA2ABF4FC79513A677 /* PBXTargetDependency */ = {
			isa = PBXTargetDependency;
			target = F795513A583E456282E4350A /* ZERO_CHECK */;
			targetProxy = 2CEFB344A2C04DC08A1EBE92 /* PBXContainerItemProxy */;
		};
		A854A6E8A69241EC82D278DF /* PBXTargetDependency */ = {
			isa = PBXTargetDependency;
			target = 2BE41C3BB6AF4DC197DFE8C9 /* Asset */;
			targetProxy = DE53401BE7A74C1D936047EA /* PBXContainerItemProxy */;
		};
		AD762C73425F4400A96E5F7D /* PBXTargetDependency */ = {
			isa = PBXTargetDependency;
			target = F795513A583E456282E4350A /* ZERO_CHECK */;
			targetProxy = B144945A58F7497DB6B72DC2 /* PBXContainerItemProxy */;
		};
/* End PBXTargetDependency section */

/* Begin XCBuildConfiguration section */
		11BA1D70173D44B49405B372 /* Release */ = {
			isa = XCBuildConfiguration;
			buildSettings = {
				ARCHS = arm64;
				SDKROOT = /Applications/Xcode.app/Contents/Developer/Platforms/MacOSX.platform/Developer/SDKs/MacOSX14.0.sdk;
				SWIFT_COMPILATION_MODE = wholemodule;
				SYMROOT = /Users/airat/Projects/shootEmUp/build;
			};
			name = Release;
		};
		2C2319233D314CCC873232E1 /* Debug */ = {
			isa = XCBuildConfiguration;
			buildSettings = {
				ARCHS = arm64;
				SDKROOT = /Applications/Xcode.app/Contents/Developer/Platforms/MacOSX.platform/Developer/SDKs/MacOSX14.0.sdk;
				SYMROOT = /Users/airat/Projects/shootEmUp/build;
			};
			name = Debug;
		};
		669BF6FD20D4406FBC960C84 /* Debug */ = {
			isa = XCBuildConfiguration;
			buildSettings = {
				ALWAYS_SEARCH_USER_PATHS = NO;
				ARCHS = arm64;
				COMBINE_HIDPI_IMAGES = YES;
				GCC_GENERATE_DEBUGGING_SYMBOLS = YES;
				GCC_INLINES_ARE_PRIVATE_EXTERN = NO;
				GCC_OPTIMIZATION_LEVEL = 0;
				GCC_PREPROCESSOR_DEFINITIONS = ("'CMAKE_INTDIR=\"$(CONFIGURATION)$(EFFECTIVE_PLATFORM_NAME)\"'","$(inherited)");
				GCC_SYMBOLS_PRIVATE_EXTERN = NO;
				INSTALL_PATH = "";
				ONLY_ACTIVE_ARCH = NO;
				OTHER_LDFLAGS = ("","$(inherited)");
				OTHER_REZFLAGS = "";
				PRODUCT_NAME = ALL_BUILD;
				SECTORDER_FLAGS = "";
				USE_HEADERMAP = NO;
				WARNING_CFLAGS = ("$(inherited)");
			};
			name = Debug;
		};
		6A7BC779E5FD40F99D5D999A /* MinSizeRel */ = {
			isa = XCBuildConfiguration;
			buildSettings = {
				ALWAYS_SEARCH_USER_PATHS = NO;
				ARCHS = arm64;
				COMBINE_HIDPI_IMAGES = YES;
				GCC_GENERATE_DEBUGGING_SYMBOLS = YES;
				GCC_INLINES_ARE_PRIVATE_EXTERN = NO;
				GCC_OPTIMIZATION_LEVEL = 0;
				GCC_PREPROCESSOR_DEFINITIONS = ("'CMAKE_INTDIR=\"$(CONFIGURATION)$(EFFECTIVE_PLATFORM_NAME)\"'","$(inherited)");
				GCC_SYMBOLS_PRIVATE_EXTERN = NO;
				INSTALL_PATH = "";
				ONLY_ACTIVE_ARCH = NO;
				OTHER_LDFLAGS = ("","$(inherited)");
				OTHER_REZFLAGS = "";
				PRODUCT_NAME = ZERO_CHECK;
				SECTORDER_FLAGS = "";
				USE_HEADERMAP = NO;
				WARNING_CFLAGS = ("$(inherited)");
			};
			name = MinSizeRel;
		};
		6EF25D9ED721486C9B5D2C3C /* RelWithDebInfo */ = {
			isa = XCBuildConfiguration;
			buildSettings = {
				ALWAYS_SEARCH_USER_PATHS = NO;
				ARCHS = arm64;
				COMBINE_HIDPI_IMAGES = YES;
				GCC_GENERATE_DEBUGGING_SYMBOLS = YES;
				GCC_INLINES_ARE_PRIVATE_EXTERN = NO;
				GCC_OPTIMIZATION_LEVEL = 0;
				GCC_PREPROCESSOR_DEFINITIONS = ("'CMAKE_INTDIR=\"$(CONFIGURATION)$(EFFECTIVE_PLATFORM_NAME)\"'","$(inherited)");
				GCC_SYMBOLS_PRIVATE_EXTERN = NO;
				INSTALL_PATH = "";
				ONLY_ACTIVE_ARCH = NO;
				OTHER_LDFLAGS = ("","$(inherited)");
				OTHER_REZFLAGS = "";
				PRODUCT_NAME = ALL_BUILD;
				SECTORDER_FLAGS = "";
				USE_HEADERMAP = NO;
				WARNING_CFLAGS = ("$(inherited)");
			};
			name = RelWithDebInfo;
		};
		7F07BC540C93443AB7AC2B9A /* Debug */ = {
			isa = XCBuildConfiguration;
			buildSettings = {
				ALWAYS_SEARCH_USER_PATHS = NO;
				ARCHS = arm64;
				COMBINE_HIDPI_IMAGES = YES;
				GCC_GENERATE_DEBUGGING_SYMBOLS = YES;
				GCC_INLINES_ARE_PRIVATE_EXTERN = NO;
				GCC_OPTIMIZATION_LEVEL = 0;
				GCC_PREPROCESSOR_DEFINITIONS = ("'CMAKE_INTDIR=\"$(CONFIGURATION)$(EFFECTIVE_PLATFORM_NAME)\"'","$(inherited)");
				GCC_SYMBOLS_PRIVATE_EXTERN = NO;
				INSTALL_PATH = "";
				ONLY_ACTIVE_ARCH = NO;
				OTHER_LDFLAGS = ("","$(inherited)");
				OTHER_REZFLAGS = "";
				PRODUCT_NAME = ZERO_CHECK;
				SECTORDER_FLAGS = "";
				USE_HEADERMAP = NO;
				WARNING_CFLAGS = ("$(inherited)");
			};
			name = Debug;
		};
		7F81178E52BA457F96288D14 /* RelWithDebInfo */ = {
			isa = XCBuildConfiguration;
			buildSettings = {
				ALWAYS_SEARCH_USER_PATHS = NO;
				ARCHS = arm64;
				COMBINE_HIDPI_IMAGES = YES;
				CONFIGURATION_BUILD_DIR = /Users/airat/Projects/shootEmUp/Engine/Asset/RelWithDebInfo;
				EXECUTABLE_PREFIX = lib;
				EXECUTABLE_SUFFIX = .a;
				GCC_GENERATE_DEBUGGING_SYMBOLS = YES;
				GCC_INLINES_ARE_PRIVATE_EXTERN = NO;
				GCC_OPTIMIZATION_LEVEL = 2;
				GCC_PREPROCESSOR_DEFINITIONS = ("'CMAKE_INTDIR=\"$(CONFIGURATION)$(EFFECTIVE_PLATFORM_NAME)\"'","$(inherited)");
				GCC_SYMBOLS_PRIVATE_EXTERN = NO;
				HEADER_SEARCH_PATHS = (/Users/airat/Projects/shootEmUp/shootEmUp,/opt/homebrew/Cellar/sdl2/2.28.5/include,/opt/homebrew/Cellar/sdl2/2.28.5/include/SDL2,/opt/homebrew/include,/Users/airat/Projects/shootEmUp/include,/Users/airat/Projects/shootEmUp/Engine,/Users/airat/Projects/shootEmUp/Engine/Asset/..,/Users/airat/Projects/shootEmUp/Engine/Asset/.,/Users/airat/Projects/shootEmUp/Engine/Asset/../Shared,"$(inherited)");
				INSTALL_PATH = "";
				LIBRARY_STYLE = STATIC;
				ONLY_ACTIVE_ARCH = NO;
				OTHER_CPLUSPLUSFLAGS = "       -DNDEBUG '-std=gnu++17' ";
				OTHER_LIBTOOLFLAGS = ("");
				OTHER_REZFLAGS = "";
				PRODUCT_NAME = Asset;
				SECTORDER_FLAGS = "";
				TARGET_TEMP_DIR = "/Users/airat/Projects/shootEmUp/build/Asset.build/$(CONFIGURATION)$(EFFECTIVE_PLATFORM_NAME)";
				USE_HEADERMAP = NO;
				WARNING_CFLAGS = ("$(inherited)");
			};
			name = RelWithDebInfo;
		};
		8480E97349924554B62E6CBF /* RelWithDebInfo */ = {
			isa = XCBuildConfiguration;
			buildSettings = {
				ARCHS = arm64;
				SDKROOT = /Applications/Xcode.app/Contents/Developer/Platforms/MacOSX.platform/Developer/SDKs/MacOSX14.0.sdk;
				SWIFT_COMPILATION_MODE = wholemodule;
				SYMROOT = /Users/airat/Projects/shootEmUp/build;
			};
			name = RelWithDebInfo;
		};
		9360E41EA94F493191EC0965 /* MinSizeRel */ = {
			isa = XCBuildConfiguration;
			buildSettings = {
				ARCHS = arm64;
				SDKROOT = /Applications/Xcode.app/Contents/Developer/Platforms/MacOSX.platform/Developer/SDKs/MacOSX14.0.sdk;
				SWIFT_COMPILATION_MODE = wholemodule;
				SYMROOT = /Users/airat/Projects/shootEmUp/build;
			};
			name = MinSizeRel;
		};
		97880732424E42198988C714 /* Release */ = {
			isa = XCBuildConfiguration;
			buildSettings = {
				ALWAYS_SEARCH_USER_PATHS = NO;
				ARCHS = arm64;
				COMBINE_HIDPI_IMAGES = YES;
				GCC_GENERATE_DEBUGGING_SYMBOLS = YES;
				GCC_INLINES_ARE_PRIVATE_EXTERN = NO;
				GCC_OPTIMIZATION_LEVEL = 0;
				GCC_PREPROCESSOR_DEFINITIONS = ("'CMAKE_INTDIR=\"$(CONFIGURATION)$(EFFECTIVE_PLATFORM_NAME)\"'","$(inherited)");
				GCC_SYMBOLS_PRIVATE_EXTERN = NO;
				INSTALL_PATH = "";
				ONLY_ACTIVE_ARCH = NO;
				OTHER_LDFLAGS = ("","$(inherited)");
				OTHER_REZFLAGS = "";
				PRODUCT_NAME = ZERO_CHECK;
				SECTORDER_FLAGS = "";
				USE_HEADERMAP = NO;
				WARNING_CFLAGS = ("$(inherited)");
			};
			name = Release;
		};
		998D7CFFB39043829022D016 /* Debug */ = {
			isa = XCBuildConfiguration;
			buildSettings = {
				ALWAYS_SEARCH_USER_PATHS = NO;
				ARCHS = arm64;
				COMBINE_HIDPI_IMAGES = YES;
				CONFIGURATION_BUILD_DIR = /Users/airat/Projects/shootEmUp/Engine/Asset/Debug;
				EXECUTABLE_PREFIX = lib;
				EXECUTABLE_SUFFIX = .a;
				GCC_GENERATE_DEBUGGING_SYMBOLS = YES;
				GCC_INLINES_ARE_PRIVATE_EXTERN = NO;
				GCC_OPTIMIZATION_LEVEL = 0;
				GCC_PREPROCESSOR_DEFINITIONS = ("'CMAKE_INTDIR=\"$(CONFIGURATION)$(EFFECTIVE_PLATFORM_NAME)\"'","$(inherited)");
				GCC_SYMBOLS_PRIVATE_EXTERN = NO;
				HEADER_SEARCH_PATHS = (/Users/airat/Projects/shootEmUp/shootEmUp,/opt/homebrew/Cellar/sdl2/2.28.5/include,/opt/homebrew/Cellar/sdl2/2.28.5/include/SDL2,/opt/homebrew/include,/Users/airat/Projects/shootEmUp/include,/Users/airat/Projects/shootEmUp/Engine,/Users/airat/Projects/shootEmUp/Engine/Asset/..,/Users/airat/Projects/shootEmUp/Engine/Asset/.,/Users/airat/Projects/shootEmUp/Engine/Asset/../Shared,"$(inherited)");
				INSTALL_PATH = "";
				LIBRARY_STYLE = STATIC;
				ONLY_ACTIVE_ARCH = NO;
				OTHER_CPLUSPLUSFLAGS = "   '-std=gnu++17' ";
				OTHER_LIBTOOLFLAGS = ("");
				OTHER_REZFLAGS = "";
				PRODUCT_NAME = Asset;
				SECTORDER_FLAGS = "";
				TARGET_TEMP_DIR = "/Users/airat/Projects/shootEmUp/build/Asset.build/$(CONFIGURATION)$(EFFECTIVE_PLATFORM_NAME)";
				USE_HEADERMAP = NO;
				WARNING_CFLAGS = ("$(inherited)");
			};
			name = Debug;
		};
		9CBBBF1AA1E84E5AB8C0AFCD /* RelWithDebInfo */ = {
			isa = XCBuildConfiguration;
			buildSettings = {
				ALWAYS_SEARCH_USER_PATHS = NO;
				ARCHS = arm64;
				COMBINE_HIDPI_IMAGES = YES;
				GCC_GENERATE_DEBUGGING_SYMBOLS = YES;
				GCC_INLINES_ARE_PRIVATE_EXTERN = NO;
				GCC_OPTIMIZATION_LEVEL = 0;
				GCC_PREPROCESSOR_DEFINITIONS = ("'CMAKE_INTDIR=\"$(CONFIGURATION)$(EFFECTIVE_PLATFORM_NAME)\"'","$(inherited)");
				GCC_SYMBOLS_PRIVATE_EXTERN = NO;
				INSTALL_PATH = "";
				ONLY_ACTIVE_ARCH = NO;
				OTHER_LDFLAGS = ("","$(inherited)");
				OTHER_REZFLAGS = "";
				PRODUCT_NAME = ZERO_CHECK;
				SECTORDER_FLAGS = "";
				USE_HEADERMAP = NO;
				WARNING_CFLAGS = ("$(inherited)");
			};
			name = RelWithDebInfo;
		};
		D2FD678715754789B021243D /* Release */ = {
			isa = XCBuildConfiguration;
			buildSettings = {
				ALWAYS_SEARCH_USER_PATHS = NO;
				ARCHS = arm64;
				COMBINE_HIDPI_IMAGES = YES;
				GCC_GENERATE_DEBUGGING_SYMBOLS = YES;
				GCC_INLINES_ARE_PRIVATE_EXTERN = NO;
				GCC_OPTIMIZATION_LEVEL = 0;
				GCC_PREPROCESSOR_DEFINITIONS = ("'CMAKE_INTDIR=\"$(CONFIGURATION)$(EFFECTIVE_PLATFORM_NAME)\"'","$(inherited)");
				GCC_SYMBOLS_PRIVATE_EXTERN = NO;
				INSTALL_PATH = "";
				ONLY_ACTIVE_ARCH = NO;
				OTHER_LDFLAGS = ("","$(inherited)");
				OTHER_REZFLAGS = "";
				PRODUCT_NAME = ALL_BUILD;
				SECTORDER_FLAGS = "";
				USE_HEADERMAP = NO;
				WARNING_CFLAGS = ("$(inherited)");
			};
			name = Release;
		};
		DFE1001C4A994BB4BAB375EE /* Release */ = {
			isa = XCBuildConfiguration;
			buildSettings = {
				ALWAYS_SEARCH_USER_PATHS = NO;
				ARCHS = arm64;
				COMBINE_HIDPI_IMAGES = YES;
				CONFIGURATION_BUILD_DIR = /Users/airat/Projects/shootEmUp/Engine/Asset/Release;
				EXECUTABLE_PREFIX = lib;
				EXECUTABLE_SUFFIX = .a;
				GCC_GENERATE_DEBUGGING_SYMBOLS = NO;
				GCC_INLINES_ARE_PRIVATE_EXTERN = NO;
				GCC_OPTIMIZATION_LEVEL = 3;
				GCC_PREPROCESSOR_DEFINITIONS = ("'CMAKE_INTDIR=\"$(CONFIGURATION)$(EFFECTIVE_PLATFORM_NAME)\"'","$(inherited)");
				GCC_SYMBOLS_PRIVATE_EXTERN = NO;
				HEADER_SEARCH_PATHS = (/Users/airat/Projects/shootEmUp/shootEmUp,/opt/homebrew/Cellar/sdl2/2.28.5/include,/opt/homebrew/Cellar/sdl2/2.28.5/include/SDL2,/opt/homebrew/include,/Users/airat/Projects/shootEmUp/include,/Users/airat/Projects/shootEmUp/Engine,/Users/airat/Projects/shootEmUp/Engine/Asset/..,/Users/airat/Projects/shootEmUp/Engine/Asset/.,/Users/airat/Projects/shootEmUp/Engine/Asset/../Shared,"$(inherited)");
				INSTALL_PATH = "";
				LIBRARY_STYLE = STATIC;
				ONLY_ACTIVE_ARCH = NO;
				OTHER_CPLUSPLUSFLAGS = "    -DNDEBUG '-std=gnu++17' ";
				OTHER_LIBTOOLFLAGS = ("");
				OTHER_REZFLAGS = "";
				PRODUCT_NAME = Asset;
				SECTORDER_FLAGS = "";
				TARGET_TEMP_DIR = "/Users/airat/Projects/shootEmUp/build/Asset.build/$(CONFIGURATION)$(EFFECTIVE_PLATFORM_NAME)";
				USE_HEADERMAP = NO;
				WARNING_CFLAGS = ("$(inherited)");
			};
			name = Release;
		};
		E7AF26BCDC4A4C3D8B1C9BD7 /* MinSizeRel */ = {
			isa = XCBuildConfiguration;
			buildSettings = {
				ALWAYS_SEARCH_USER_PATHS = NO;
				ARCHS = arm64;
				COMBINE_HIDPI_IMAGES = YES;
				GCC_GENERATE_DEBUGGING_SYMBOLS = YES;
				GCC_INLINES_ARE_PRIVATE_EXTERN = NO;
				GCC_OPTIMIZATION_LEVEL = 0;
				GCC_PREPROCESSOR_DEFINITIONS = ("'CMAKE_INTDIR=\"$(CONFIGURATION)$(EFFECTIVE_PLATFORM_NAME)\"'","$(inherited)");
				GCC_SYMBOLS_PRIVATE_EXTERN = NO;
				INSTALL_PATH = "";
				ONLY_ACTIVE_ARCH = NO;
				OTHER_LDFLAGS = ("","$(inherited)");
				OTHER_REZFLAGS = "";
				PRODUCT_NAME = ALL_BUILD;
				SECTORDER_FLAGS = "";
				USE_HEADERMAP = NO;
				WARNING_CFLAGS = ("$(inherited)");
			};
			name = MinSizeRel;
		};
		F53A359FF8934DB1A242A373 /* MinSizeRel */ = {
			isa = XCBuildConfiguration;
			buildSettings = {
				ALWAYS_SEARCH_USER_PATHS = NO;
				ARCHS = arm64;
				COMBINE_HIDPI_IMAGES = YES;
				CONFIGURATION_BUILD_DIR = /Users/airat/Projects/shootEmUp/Engine/Asset/MinSizeRel;
				EXECUTABLE_PREFIX = lib;
				EXECUTABLE_SUFFIX = .a;
				GCC_GENERATE_DEBUGGING_SYMBOLS = NO;
				GCC_INLINES_ARE_PRIVATE_EXTERN = NO;
				GCC_OPTIMIZATION_LEVEL = s;
				GCC_PREPROCESSOR_DEFINITIONS = ("'CMAKE_INTDIR=\"$(CONFIGURATION)$(EFFECTIVE_PLATFORM_NAME)\"'","$(inherited)");
				GCC_SYMBOLS_PRIVATE_EXTERN = NO;
				HEADER_SEARCH_PATHS = (/Users/airat/Projects/shootEmUp/shootEmUp,/opt/homebrew/Cellar/sdl2/2.28.5/include,/opt/homebrew/Cellar/sdl2/2.28.5/include/SDL2,/opt/homebrew/include,/Users/airat/Projects/shootEmUp/include,/Users/airat/Projects/shootEmUp/Engine,/Users/airat/Projects/shootEmUp/Engine/Asset/..,/Users/airat/Projects/shootEmUp/Engine/Asset/.,/Users/airat/Projects/shootEmUp/Engine/Asset/../Shared,"$(inherited)");
				INSTALL_PATH = "";
				LIBRARY_STYLE = STATIC;
				ONLY_ACTIVE_ARCH = NO;
				OTHER_CPLUSPLUSFLAGS = "    -DNDEBUG '-std=gnu++17' ";
				OTHER_LIBTOOLFLAGS = ("");
				OTHER_REZFLAGS = "";
				PRODUCT_NAME = Asset;
				SECTORDER_FLAGS = "";
				TARGET_TEMP_DIR = "/Users/airat/Projects/shootEmUp/build/Asset.build/$(CONFIGURATION)$(EFFECTIVE_PLATFORM_NAME)";
				USE_HEADERMAP = NO;
				WARNING_CFLAGS = ("$(inherited)");
			};
			name = MinSizeRel;
		};
/* End XCBuildConfiguration section */

/* Begin XCConfigurationList section */
		00AB84BDEB4B4D8CADA885B1 /* Build configuration list for PBXAggregateTarget "ZERO_CHECK" */ = {
			isa = XCConfigurationList;
			buildConfigurations = (
				7F07BC540C93443AB7AC2B9A /* Debug */,
				97880732424E42198988C714 /* Release */,
				6A7BC779E5FD40F99D5D999A /* MinSizeRel */,
				9CBBBF1AA1E84E5AB8C0AFCD /* RelWithDebInfo */,
			);
			defaultConfigurationIsVisible = 0;
			defaultConfigurationName = Debug;
		};
		5CF822BD17FE4A8695B5B4FF /* Build configuration list for PBXNativeTarget "Asset" */ = {
			isa = XCConfigurationList;
			buildConfigurations = (
				998D7CFFB39043829022D016 /* Debug */,
				DFE1001C4A994BB4BAB375EE /* Release */,
				F53A359FF8934DB1A242A373 /* MinSizeRel */,
				7F81178E52BA457F96288D14 /* RelWithDebInfo */,
			);
			defaultConfigurationIsVisible = 0;
			defaultConfigurationName = Debug;
		};
		67D0B23D7BDF4BF09C36C9A1 /* Build configuration list for PBXProject "Asset" */ = {
			isa = XCConfigurationList;
			buildConfigurations = (
				2C2319233D314CCC873232E1 /* Debug */,
				11BA1D70173D44B49405B372 /* Release */,
				9360E41EA94F493191EC0965 /* MinSizeRel */,
				8480E97349924554B62E6CBF /* RelWithDebInfo */,
			);
			defaultConfigurationIsVisible = 0;
			defaultConfigurationName = Debug;
		};
		DBD7A7630C594D3AB7ED70C0 /* Build configuration list for PBXAggregateTarget "ALL_BUILD" */ = {
			isa = XCConfigurationList;
			buildConfigurations = (
				669BF6FD20D4406FBC960C84 /* Debug */,
				D2FD678715754789B021243D /* Release */,
				E7AF26BCDC4A4C3D8B1C9BD7 /* MinSizeRel */,
				6EF25D9ED721486C9B5D2C3C /* RelWithDebInfo */,
			);
			defaultConfigurationIsVisible = 0;
			defaultConfigurationName = Debug;
		};
/* End XCConfigurationList section */
	};
	rootObject = 0E086B278F96415B84CE4488 /* Project object */;
}
